// !$*UTF8*$!
{
	archiveVersion = 1;
	classes = {
	};
	objectVersion = 46;
	objects = {

/* Begin PBXBuildFile section */
		1D6A31EF60D62E8CA78850EE /* ProfileViewController.m in Sources */ = {isa = PBXBuildFile; fileRef = 1D6A3CB9F77C29BFB4E61EC5 /* ProfileViewController.m */; };
		1D6A3311B607A0A88951B5EC /* AuthenticatorCellTableViewCell.m in Sources */ = {isa = PBXBuildFile; fileRef = 1D6A3345966787F81FC4101C /* AuthenticatorCellTableViewCell.m */; };
		1D6A34A799DB9CCFF7EC4840 /* WebBrowserViewController.xib in Resources */ = {isa = PBXBuildFile; fileRef = 1D6A3FCE4B8CCB452F56F9D2 /* WebBrowserViewController.xib */; };
		1D6A3512499A1433115A382D /* UIAlertController+Shortcut.m in Sources */ = {isa = PBXBuildFile; fileRef = 1D6A3D3023D96D2645797915 /* UIAlertController+Shortcut.m */; };
		1D6A3562C58CF7B77806C78C /* SettingsViewController.m in Sources */ = {isa = PBXBuildFile; fileRef = 1D6A3782F8020A9DBEBEDB7C /* SettingsViewController.m */; };
		1D6A35682A8137EEEE658FB4 /* UIBarButtonItem+Extension.h in Headers */ = {isa = PBXBuildFile; fileRef = 1D6A3E861288599BD7CFFD5C /* UIBarButtonItem+Extension.h */; };
		1D6A359A4BBC2A98FE047F04 /* AuthenticatorCellTableViewCell.h in Headers */ = {isa = PBXBuildFile; fileRef = 1D6A39EABD811550F0DED8A7 /* AuthenticatorCellTableViewCell.h */; };
		1D6A35B3F1D3C3735ADCCB07 /* WelcomeViewController.m in Sources */ = {isa = PBXBuildFile; fileRef = 1D6A322ADB02E92F8F9D959A /* WelcomeViewController.m */; };
		1D6A35BAE98429A2F5F5D2D9 /* PinViewController.m in Sources */ = {isa = PBXBuildFile; fileRef = 1D6A3501CE369F617D340DEE /* PinViewController.m */; };
		1D6A36022E8C01D0DFBD8982 /* UIBarButtonItem+Extension.m in Sources */ = {isa = PBXBuildFile; fileRef = 1D6A3152B017C5D23CB7F135 /* UIBarButtonItem+Extension.m */; };
		1D6A368E0AFB5584858C6455 /* PushConfirmationViewController.xib in Resources */ = {isa = PBXBuildFile; fileRef = 1D6A3231E45B84DAE1BE7D63 /* PushConfirmationViewController.xib */; };
		1D6A36C107FC4CC3FDF7ED14 /* PinViewController.xib in Resources */ = {isa = PBXBuildFile; fileRef = 1D6A3A62C4FCDA16C7CE0C57 /* PinViewController.xib */; };
		1D6A370A308FE89704C3198C /* UIAlertController+Shortcut.h in Headers */ = {isa = PBXBuildFile; fileRef = 1D6A3F17A5FD85B52B51CBFB /* UIAlertController+Shortcut.h */; };
		1D6A3790481B45EC7F9ADAB4 /* ONGResourceResponse+JSONResponse.h in Headers */ = {isa = PBXBuildFile; fileRef = 1D6A37EEF488F40336008921 /* ONGResourceResponse+JSONResponse.h */; };
		1D6A37F9394FC621A669717F /* WebBrowserViewController.m in Sources */ = {isa = PBXBuildFile; fileRef = 1D6A3498F3AF95E38FAADA93 /* WebBrowserViewController.m */; };
		1D6A38AA5304E148AC486C18 /* TextViewController.xib in Resources */ = {isa = PBXBuildFile; fileRef = 1D6A34DB3A2EDA081D5B85CB /* TextViewController.xib */; };
		1D6A38D6CA4B4E3E8C0F1180 /* TextViewController.h in Headers */ = {isa = PBXBuildFile; fileRef = 1D6A3BC3E11F6AA6AB8A67F4 /* TextViewController.h */; };
		1D6A38DE74044D87D80F4DF1 /* TextViewController.m in Sources */ = {isa = PBXBuildFile; fileRef = 1D6A30F82FC0C34367E3B439 /* TextViewController.m */; };
		1D6A398C3421FF22811B1994 /* NavigationControllerAppearance.m in Sources */ = {isa = PBXBuildFile; fileRef = 1D6A33EEAB85952D64A6F6F3 /* NavigationControllerAppearance.m */; };
		1D6A3BB7068B5D6A6CF579D7 /* ONGResourceResponse+JSONResponse.m in Sources */ = {isa = PBXBuildFile; fileRef = 1D6A3EC9D950AE2FC0E556EE /* ONGResourceResponse+JSONResponse.m */; };
		1D6A3C21101996CC9DBA06E7 /* SettingsViewController.h in Headers */ = {isa = PBXBuildFile; fileRef = 1D6A3AE1650D83B8D6BFDA44 /* SettingsViewController.h */; };
		1D6A3C785B2F3FAC1B0B2276 /* PushConfirmationViewController.h in Headers */ = {isa = PBXBuildFile; fileRef = 1D6A373DE7F6CA5789B8C6DD /* PushConfirmationViewController.h */; };
		1D6A3D3D5D76E0EA756DA02F /* ProfileViewController.xib in Resources */ = {isa = PBXBuildFile; fileRef = 1D6A3852A60B8D9519FDF224 /* ProfileViewController.xib */; };
		1D6A3D5139768E447367C746 /* PushConfirmationViewController.m in Sources */ = {isa = PBXBuildFile; fileRef = 1D6A39AB112BA2D3A28165FB /* PushConfirmationViewController.m */; };
		1D6A3DC90D7E0D5F2C95C863 /* PinErrorMapper.h in Headers */ = {isa = PBXBuildFile; fileRef = 1D6A328D53DDF3417A35EF62 /* PinErrorMapper.h */; };
		1D6A3E32BC3EB7E9A7DAE958 /* PinErrorMapper.m in Sources */ = {isa = PBXBuildFile; fileRef = 1D6A3C9CCA5F6762E3538711 /* PinErrorMapper.m */; };
		1D6A3FE5409C973731021E6C /* NavigationControllerAppearance.h in Headers */ = {isa = PBXBuildFile; fileRef = 1D6A3F00AB5D62BC7FAE1334 /* NavigationControllerAppearance.h */; };
		5C1F1CDC1D464DE100D4D5C0 /* RegistrationController.m in Sources */ = {isa = PBXBuildFile; fileRef = 5C1F1CDA1D464DE100D4D5C0 /* RegistrationController.m */; };
		5C3CA1481D11394000F00C05 /* FingerprintController.h in Headers */ = {isa = PBXBuildFile; fileRef = 5C3CA1461D11394000F00C05 /* FingerprintController.h */; };
		5C3CA1491D11394000F00C05 /* FingerprintController.m in Sources */ = {isa = PBXBuildFile; fileRef = 5C3CA1471D11394000F00C05 /* FingerprintController.m */; };
		5C3CA15C1D13E56100F00C05 /* ChangePinController.m in Sources */ = {isa = PBXBuildFile; fileRef = 5C3CA15A1D13E56100F00C05 /* ChangePinController.m */; };
		5C6B80B11D9EA86E00D94D68 /* samsungsds-bm-ios-v1.4.1.a in Frameworks */ = {isa = PBXBuildFile; fileRef = 5C6B80911D9EA86E00D94D68 /* samsungsds-bm-ios-v1.4.1.a */; };
		5C6B80B21D9EA86E00D94D68 /* SensoryBiometricsManager.framework in Frameworks */ = {isa = PBXBuildFile; fileRef = 5C6B80921D9EA86E00D94D68 /* SensoryBiometricsManager.framework */; };
		5C6B80B31D9EA86E00D94D68 /* uaf-client-ios-v1.4.1.a in Frameworks */ = {isa = PBXBuildFile; fileRef = 5C6B80931D9EA86E00D94D68 /* uaf-client-ios-v1.4.1.a */; };
		5C6B80B41D9EA86E00D94D68 /* OneginiSDK.h in Headers */ = {isa = PBXBuildFile; fileRef = 5C6B80961D9EA86E00D94D68 /* OneginiSDK.h */; };
		5C6B80B51D9EA86E00D94D68 /* ONGAuthenticationDelegate.h in Headers */ = {isa = PBXBuildFile; fileRef = 5C6B80971D9EA86E00D94D68 /* ONGAuthenticationDelegate.h */; };
		5C6B80B61D9EA86E00D94D68 /* ONGAuthenticator.h in Headers */ = {isa = PBXBuildFile; fileRef = 5C6B80981D9EA86E00D94D68 /* ONGAuthenticator.h */; };
		5C6B80B71D9EA86E00D94D68 /* ONGChangePinDelegate.h in Headers */ = {isa = PBXBuildFile; fileRef = 5C6B80991D9EA86E00D94D68 /* ONGChangePinDelegate.h */; };
		5C6B80B81D9EA86E00D94D68 /* ONGClient.h in Headers */ = {isa = PBXBuildFile; fileRef = 5C6B809A1D9EA86E00D94D68 /* ONGClient.h */; };
		5C6B80B91D9EA86E00D94D68 /* ONGClientBuilder.h in Headers */ = {isa = PBXBuildFile; fileRef = 5C6B809B1D9EA86E00D94D68 /* ONGClientBuilder.h */; };
		5C6B80BA1D9EA86E00D94D68 /* ONGConfigModel.h in Headers */ = {isa = PBXBuildFile; fileRef = 5C6B809C1D9EA86E00D94D68 /* ONGConfigModel.h */; };
		5C6B80BB1D9EA86E00D94D68 /* ONGCreatePinChallenge.h in Headers */ = {isa = PBXBuildFile; fileRef = 5C6B809D1D9EA86E00D94D68 /* ONGCreatePinChallenge.h */; };
		5C6B80BC1D9EA86E00D94D68 /* ONGDeviceClient.h in Headers */ = {isa = PBXBuildFile; fileRef = 5C6B809E1D9EA86E00D94D68 /* ONGDeviceClient.h */; };
		5C6B80BD1D9EA86E00D94D68 /* ONGErrors.h in Headers */ = {isa = PBXBuildFile; fileRef = 5C6B809F1D9EA86E00D94D68 /* ONGErrors.h */; };
		5C6B80BE1D9EA86E00D94D68 /* ONGFingerprintChallenge.h in Headers */ = {isa = PBXBuildFile; fileRef = 5C6B80A01D9EA86E00D94D68 /* ONGFingerprintChallenge.h */; };
		5C6B80BF1D9EA86E00D94D68 /* ONGMobileAuthenticationRequest.h in Headers */ = {isa = PBXBuildFile; fileRef = 5C6B80A11D9EA86E00D94D68 /* ONGMobileAuthenticationRequest.h */; };
		5C6B80C01D9EA86E00D94D68 /* ONGMobileAuthenticationRequestDelegate.h in Headers */ = {isa = PBXBuildFile; fileRef = 5C6B80A21D9EA86E00D94D68 /* ONGMobileAuthenticationRequestDelegate.h */; };
		5C6B80C11D9EA86E00D94D68 /* ONGNetworkTask.h in Headers */ = {isa = PBXBuildFile; fileRef = 5C6B80A31D9EA86E00D94D68 /* ONGNetworkTask.h */; };
		5C6B80C21D9EA86E00D94D68 /* ONGPinChallenge.h in Headers */ = {isa = PBXBuildFile; fileRef = 5C6B80A41D9EA86E00D94D68 /* ONGPinChallenge.h */; };
		5C6B80C31D9EA86E00D94D68 /* ONGPublicCommons.h in Headers */ = {isa = PBXBuildFile; fileRef = 5C6B80A51D9EA86E00D94D68 /* ONGPublicCommons.h */; };
		5C6B80C41D9EA86E00D94D68 /* ONGPublicDefines.h in Headers */ = {isa = PBXBuildFile; fileRef = 5C6B80A61D9EA86E00D94D68 /* ONGPublicDefines.h */; };
		5C6B80C51D9EA86E00D94D68 /* ONGRegistrationDelegate.h in Headers */ = {isa = PBXBuildFile; fileRef = 5C6B80A71D9EA86E00D94D68 /* ONGRegistrationDelegate.h */; };
		5C6B80C61D9EA86E00D94D68 /* ONGRequestBuilder.h in Headers */ = {isa = PBXBuildFile; fileRef = 5C6B80A81D9EA86E00D94D68 /* ONGRequestBuilder.h */; };
		5C6B80C71D9EA86E00D94D68 /* ONGResourceRequest.h in Headers */ = {isa = PBXBuildFile; fileRef = 5C6B80A91D9EA86E00D94D68 /* ONGResourceRequest.h */; };
		5C6B80C81D9EA86E00D94D68 /* ONGResourceResponse.h in Headers */ = {isa = PBXBuildFile; fileRef = 5C6B80AA1D9EA86E00D94D68 /* ONGResourceResponse.h */; };
		5C6B80C91D9EA86E00D94D68 /* ONGUserClient.h in Headers */ = {isa = PBXBuildFile; fileRef = 5C6B80AB1D9EA86E00D94D68 /* ONGUserClient.h */; };
		5C6B80CA1D9EA86E00D94D68 /* ONGUserProfile.h in Headers */ = {isa = PBXBuildFile; fileRef = 5C6B80AC1D9EA86E00D94D68 /* ONGUserProfile.h */; };
		5C6B80CD1D9EA86E00D94D68 /* libOneginiSDKiOS-5.00.00.a in Frameworks */ = {isa = PBXBuildFile; fileRef = 5C6B80AF1D9EA86E00D94D68 /* libOneginiSDKiOS-5.00.00.a */; };
		5C6B80CF1D9EABB700D94D68 /* SensoryBiometricsManager.framework in Embed Frameworks */ = {isa = PBXBuildFile; fileRef = 5C6B80921D9EA86E00D94D68 /* SensoryBiometricsManager.framework */; settings = {ATTRIBUTES = (CodeSignOnCopy, RemoveHeadersOnCopy, ); }; };
		5C7745211D998285004BBCFE /* ChangePinController.h in Headers */ = {isa = PBXBuildFile; fileRef = 5C3CA1591D13E56100F00C05 /* ChangePinController.h */; };
		5C8A03B31CDFA7C2007ADA14 /* WebBrowserViewController.m in Sources */ = {isa = PBXBuildFile; fileRef = 5C8A03B11CDFA7C2007ADA14 /* WebBrowserViewController.m */; };
		5C8A03B41CDFA7C2007ADA14 /* WebBrowserViewController.xib in Resources */ = {isa = PBXBuildFile; fileRef = 5C8A03B21CDFA7C2007ADA14 /* WebBrowserViewController.xib */; };
		5C8A03BE1CDFB36F007ADA14 /* PinViewController.m in Sources */ = {isa = PBXBuildFile; fileRef = 5C8A03BC1CDFB36F007ADA14 /* PinViewController.m */; };
		5C8A03BF1CDFB36F007ADA14 /* PinViewController.xib in Resources */ = {isa = PBXBuildFile; fileRef = 5C8A03BD1CDFB36F007ADA14 /* PinViewController.xib */; };
		5CA30F361D70AAA6003DCAE3 /* libOneginiSDKiOS-5.00.00.a in Frameworks */ = {isa = PBXBuildFile; fileRef = 5CA30F351D70AAA6003DCAE3 /* libOneginiSDKiOS-5.00.00.a */; };
		5CAE98B01CE0929C009C1D1A /* LaunchScreen.xib in Resources */ = {isa = PBXBuildFile; fileRef = 5CAE98AF1CE0929C009C1D1A /* LaunchScreen.xib */; };
		5CAE98C61CE0DEF8009C1D1A /* OneginiConfigModel.m in Sources */ = {isa = PBXBuildFile; fileRef = 5CAE98C51CE0DEF8009C1D1A /* OneginiConfigModel.m */; };
		5CD187431CEDA5B8001FD062 /* MobileAuthenticationController.h in Headers */ = {isa = PBXBuildFile; fileRef = 5CD187411CEDA5B8001FD062 /* MobileAuthenticationController.h */; };
		5CD187441CEDA5B8001FD062 /* MobileAuthenticationController.m in Sources */ = {isa = PBXBuildFile; fileRef = 5CD187421CEDA5B8001FD062 /* MobileAuthenticationController.m */; };
		AD2F1FD01D9EA8DD006A50FF /* SettingsViewController.xib in Resources */ = {isa = PBXBuildFile; fileRef = AD2F1FCF1D9EA8DD006A50FF /* SettingsViewController.xib */; };
		AD2F1FD21D9EA8EE006A50FF /* AuthenticatorCellTableViewCell.xib in Resources */ = {isa = PBXBuildFile; fileRef = AD2F1FD11D9EA8EE006A50FF /* AuthenticatorCellTableViewCell.xib */; };
		AD2F1FD41D9EABA8006A50FF /* WelcomeViewController.xib in Resources */ = {isa = PBXBuildFile; fileRef = AD2F1FD31D9EABA8006A50FF /* WelcomeViewController.xib */; };
		ADEC3AEE1D884D7E0009234A /* OneginiSDK.h in Headers */ = {isa = PBXBuildFile; fileRef = ADEC3AD71D884D7E0009234A /* OneginiSDK.h */; };
		ADEC3AEF1D884D7E0009234A /* ONGAuthenticationDelegate.h in Headers */ = {isa = PBXBuildFile; fileRef = ADEC3AD81D884D7E0009234A /* ONGAuthenticationDelegate.h */; };
		ADEC3AF01D884D7E0009234A /* ONGAuthenticator.h in Headers */ = {isa = PBXBuildFile; fileRef = ADEC3AD91D884D7E0009234A /* ONGAuthenticator.h */; };
		ADEC3AF11D884D7E0009234A /* ONGChangePinDelegate.h in Headers */ = {isa = PBXBuildFile; fileRef = ADEC3ADA1D884D7E0009234A /* ONGChangePinDelegate.h */; };
		ADEC3AF21D884D7E0009234A /* ONGClient.h in Headers */ = {isa = PBXBuildFile; fileRef = ADEC3ADB1D884D7E0009234A /* ONGClient.h */; };
		ADEC3AF31D884D7E0009234A /* ONGClientBuilder.h in Headers */ = {isa = PBXBuildFile; fileRef = ADEC3ADC1D884D7E0009234A /* ONGClientBuilder.h */; };
		ADEC3AF41D884D7E0009234A /* ONGConfigModel.h in Headers */ = {isa = PBXBuildFile; fileRef = ADEC3ADD1D884D7E0009234A /* ONGConfigModel.h */; };
		ADEC3AF51D884D7E0009234A /* ONGCreatePinChallenge.h in Headers */ = {isa = PBXBuildFile; fileRef = ADEC3ADE1D884D7E0009234A /* ONGCreatePinChallenge.h */; };
		ADEC3AF61D884D7E0009234A /* ONGDeviceClient.h in Headers */ = {isa = PBXBuildFile; fileRef = ADEC3ADF1D884D7E0009234A /* ONGDeviceClient.h */; };
		ADEC3AF71D884D7E0009234A /* ONGErrors.h in Headers */ = {isa = PBXBuildFile; fileRef = ADEC3AE01D884D7E0009234A /* ONGErrors.h */; };
		ADEC3AF81D884D7E0009234A /* ONGFingerprintChallenge.h in Headers */ = {isa = PBXBuildFile; fileRef = ADEC3AE11D884D7E0009234A /* ONGFingerprintChallenge.h */; };
		ADEC3AF91D884D7E0009234A /* ONGMobileAuthenticationRequest.h in Headers */ = {isa = PBXBuildFile; fileRef = ADEC3AE21D884D7E0009234A /* ONGMobileAuthenticationRequest.h */; };
		ADEC3AFA1D884D7E0009234A /* ONGMobileAuthenticationRequestDelegate.h in Headers */ = {isa = PBXBuildFile; fileRef = ADEC3AE31D884D7E0009234A /* ONGMobileAuthenticationRequestDelegate.h */; };
		ADEC3AFB1D884D7E0009234A /* ONGNetworkTask.h in Headers */ = {isa = PBXBuildFile; fileRef = ADEC3AE41D884D7E0009234A /* ONGNetworkTask.h */; };
		ADEC3AFC1D884D7E0009234A /* ONGPinChallenge.h in Headers */ = {isa = PBXBuildFile; fileRef = ADEC3AE51D884D7E0009234A /* ONGPinChallenge.h */; };
		ADEC3AFD1D884D7E0009234A /* ONGPublicCommons.h in Headers */ = {isa = PBXBuildFile; fileRef = ADEC3AE61D884D7E0009234A /* ONGPublicCommons.h */; };
		ADEC3AFE1D884D7E0009234A /* ONGPublicDefines.h in Headers */ = {isa = PBXBuildFile; fileRef = ADEC3AE71D884D7E0009234A /* ONGPublicDefines.h */; };
		ADEC3AFF1D884D7E0009234A /* ONGRegistrationDelegate.h in Headers */ = {isa = PBXBuildFile; fileRef = ADEC3AE81D884D7E0009234A /* ONGRegistrationDelegate.h */; };
		ADEC3B001D884D7E0009234A /* ONGRequestBuilder.h in Headers */ = {isa = PBXBuildFile; fileRef = ADEC3AE91D884D7E0009234A /* ONGRequestBuilder.h */; };
		ADEC3B011D884D7E0009234A /* ONGResourceRequest.h in Headers */ = {isa = PBXBuildFile; fileRef = ADEC3AEA1D884D7E0009234A /* ONGResourceRequest.h */; };
		ADEC3B021D884D7E0009234A /* ONGResourceResponse.h in Headers */ = {isa = PBXBuildFile; fileRef = ADEC3AEB1D884D7E0009234A /* ONGResourceResponse.h */; };
		ADEC3B031D884D7E0009234A /* ONGUserClient.h in Headers */ = {isa = PBXBuildFile; fileRef = ADEC3AEC1D884D7E0009234A /* ONGUserClient.h */; };
		ADEC3B041D884D7E0009234A /* ONGUserProfile.h in Headers */ = {isa = PBXBuildFile; fileRef = ADEC3AED1D884D7E0009234A /* ONGUserProfile.h */; };
		B47ADC3E1D644F24006DA9D1 /* SecurityController.h in Headers */ = {isa = PBXBuildFile; fileRef = B47ADC3C1D644F24006DA9D1 /* SecurityController.h */; };
		B47ADC3F1D644F24006DA9D1 /* SecurityController.m in Sources */ = {isa = PBXBuildFile; fileRef = B47ADC3D1D644F24006DA9D1 /* SecurityController.m */; };
		C572A2DC1CD893C400B137DC /* main.m in Sources */ = {isa = PBXBuildFile; fileRef = C572A2DB1CD893C400B137DC /* main.m */; };
		C572A2DF1CD893C400B137DC /* AppDelegate.m in Sources */ = {isa = PBXBuildFile; fileRef = C572A2DE1CD893C400B137DC /* AppDelegate.m */; };
		C572A2E71CD893C400B137DC /* Assets.xcassets in Resources */ = {isa = PBXBuildFile; fileRef = C572A2E61CD893C400B137DC /* Assets.xcassets */; };
		C5A29A661CDCA55900E6B1D4 /* AuthenticationController.m in Sources */ = {isa = PBXBuildFile; fileRef = C5A29A611CDCA55900E6B1D4 /* AuthenticationController.m */; };
		C5A29A781CDCE78F00E6B1D4 /* Profile.m in Sources */ = {isa = PBXBuildFile; fileRef = C5A29A771CDCE78F00E6B1D4 /* Profile.m */; };
		C5FE9E911CD8C0D200142A20 /* Security.framework in Frameworks */ = {isa = PBXBuildFile; fileRef = C5FE9E901CD8C0D200142A20 /* Security.framework */; };
		C5FE9E931CD8C0D800142A20 /* SystemConfiguration.framework in Frameworks */ = {isa = PBXBuildFile; fileRef = C5FE9E921CD8C0D800142A20 /* SystemConfiguration.framework */; };
		C5FE9E951CD8C0DE00142A20 /* MobileCoreServices.framework in Frameworks */ = {isa = PBXBuildFile; fileRef = C5FE9E941CD8C0DE00142A20 /* MobileCoreServices.framework */; };
		C5FE9E971CD8C0F300142A20 /* libiconv.tbd in Frameworks */ = {isa = PBXBuildFile; fileRef = C5FE9E961CD8C0F300142A20 /* libiconv.tbd */; };
		C5FE9E991CD8C10000142A20 /* libc++.tbd in Frameworks */ = {isa = PBXBuildFile; fileRef = C5FE9E981CD8C10000142A20 /* libc++.tbd */; };
		CFC7BE61EF0643B492D7E269 /* libPods-OneginiExampleApp.a in Frameworks */ = {isa = PBXBuildFile; fileRef = 0F8C250D7FB81F5D5ACD924D /* libPods-OneginiExampleApp.a */; };
		E4459662EEBC767C4F350A5A /* OneginiConfigModel.h in Headers */ = {isa = PBXBuildFile; fileRef = AF975CF4D99994DAF5BD2E6B /* OneginiConfigModel.h */; };
		FE4DA5D3D36E8E9BCF56FAFC /* tokenserver-demo-test.onegini.com.cer in Resources */ = {isa = PBXBuildFile; fileRef = CB2E2640AC9BD8B06787756E /* tokenserver-demo-test.onegini.com.cer */; };
/* End PBXBuildFile section */

/* Begin PBXCopyFilesBuildPhase section */
		5C6B80D01D9EABB700D94D68 /* Embed Frameworks */ = {
			isa = PBXCopyFilesBuildPhase;
			buildActionMask = 2147483647;
			dstPath = "";
			dstSubfolderSpec = 10;
			files = (
				5C6B80CF1D9EABB700D94D68 /* SensoryBiometricsManager.framework in Embed Frameworks */,
			);
			name = "Embed Frameworks";
			runOnlyForDeploymentPostprocessing = 0;
		};
/* End PBXCopyFilesBuildPhase section */

/* Begin PBXFileReference section */
		0F8C250D7FB81F5D5ACD924D /* libPods-OneginiExampleApp.a */ = {isa = PBXFileReference; explicitFileType = archive.ar; includeInIndex = 0; path = "libPods-OneginiExampleApp.a"; sourceTree = BUILT_PRODUCTS_DIR; };
		1D6A308C7442E7A5E994BDBC /* PinViewController.h */ = {isa = PBXFileReference; fileEncoding = 4; lastKnownFileType = sourcecode.c.h; path = PinViewController.h; sourceTree = "<group>"; };
		1D6A30F82FC0C34367E3B439 /* TextViewController.m */ = {isa = PBXFileReference; fileEncoding = 4; lastKnownFileType = sourcecode.c.objc; path = TextViewController.m; sourceTree = "<group>"; };
		1D6A3152B017C5D23CB7F135 /* UIBarButtonItem+Extension.m */ = {isa = PBXFileReference; fileEncoding = 4; lastKnownFileType = sourcecode.c.objc; path = "UIBarButtonItem+Extension.m"; sourceTree = "<group>"; };
		1D6A322ADB02E92F8F9D959A /* WelcomeViewController.m */ = {isa = PBXFileReference; fileEncoding = 4; lastKnownFileType = sourcecode.c.objc; path = WelcomeViewController.m; sourceTree = "<group>"; };
		1D6A3231E45B84DAE1BE7D63 /* PushConfirmationViewController.xib */ = {isa = PBXFileReference; lastKnownFileType = file.xib; path = PushConfirmationViewController.xib; sourceTree = "<group>"; };
		1D6A327187B32EAE41340FD5 /* WelcomeViewController.h */ = {isa = PBXFileReference; fileEncoding = 4; lastKnownFileType = sourcecode.c.h; path = WelcomeViewController.h; sourceTree = "<group>"; };
		1D6A328D53DDF3417A35EF62 /* PinErrorMapper.h */ = {isa = PBXFileReference; fileEncoding = 4; lastKnownFileType = sourcecode.c.h; path = PinErrorMapper.h; sourceTree = "<group>"; };
		1D6A3345966787F81FC4101C /* AuthenticatorCellTableViewCell.m */ = {isa = PBXFileReference; fileEncoding = 4; lastKnownFileType = sourcecode.c.objc; path = AuthenticatorCellTableViewCell.m; sourceTree = "<group>"; };
		1D6A33EEAB85952D64A6F6F3 /* NavigationControllerAppearance.m */ = {isa = PBXFileReference; fileEncoding = 4; lastKnownFileType = sourcecode.c.objc; path = NavigationControllerAppearance.m; sourceTree = "<group>"; };
		1D6A3498F3AF95E38FAADA93 /* WebBrowserViewController.m */ = {isa = PBXFileReference; fileEncoding = 4; lastKnownFileType = sourcecode.c.objc; path = WebBrowserViewController.m; sourceTree = "<group>"; };
		1D6A34DB3A2EDA081D5B85CB /* TextViewController.xib */ = {isa = PBXFileReference; lastKnownFileType = file.xib; path = TextViewController.xib; sourceTree = "<group>"; };
		1D6A3501CE369F617D340DEE /* PinViewController.m */ = {isa = PBXFileReference; fileEncoding = 4; lastKnownFileType = sourcecode.c.objc; path = PinViewController.m; sourceTree = "<group>"; };
		1D6A373DE7F6CA5789B8C6DD /* PushConfirmationViewController.h */ = {isa = PBXFileReference; fileEncoding = 4; lastKnownFileType = sourcecode.c.h; path = PushConfirmationViewController.h; sourceTree = "<group>"; };
		1D6A3782F8020A9DBEBEDB7C /* SettingsViewController.m */ = {isa = PBXFileReference; fileEncoding = 4; lastKnownFileType = sourcecode.c.objc; path = SettingsViewController.m; sourceTree = "<group>"; };
		1D6A37EEF488F40336008921 /* ONGResourceResponse+JSONResponse.h */ = {isa = PBXFileReference; fileEncoding = 4; lastKnownFileType = sourcecode.c.h; path = "ONGResourceResponse+JSONResponse.h"; sourceTree = "<group>"; };
		1D6A3852A60B8D9519FDF224 /* ProfileViewController.xib */ = {isa = PBXFileReference; lastKnownFileType = file.xib; path = ProfileViewController.xib; sourceTree = "<group>"; };
		1D6A39AB112BA2D3A28165FB /* PushConfirmationViewController.m */ = {isa = PBXFileReference; fileEncoding = 4; lastKnownFileType = sourcecode.c.objc; path = PushConfirmationViewController.m; sourceTree = "<group>"; };
		1D6A39EABD811550F0DED8A7 /* AuthenticatorCellTableViewCell.h */ = {isa = PBXFileReference; fileEncoding = 4; lastKnownFileType = sourcecode.c.h; path = AuthenticatorCellTableViewCell.h; sourceTree = "<group>"; };
		1D6A3A4C4A308C210E87CC77 /* ProfileViewController.h */ = {isa = PBXFileReference; fileEncoding = 4; lastKnownFileType = sourcecode.c.h; path = ProfileViewController.h; sourceTree = "<group>"; };
		1D6A3A62C4FCDA16C7CE0C57 /* PinViewController.xib */ = {isa = PBXFileReference; lastKnownFileType = file.xib; path = PinViewController.xib; sourceTree = "<group>"; };
		1D6A3AE1650D83B8D6BFDA44 /* SettingsViewController.h */ = {isa = PBXFileReference; fileEncoding = 4; lastKnownFileType = sourcecode.c.h; path = SettingsViewController.h; sourceTree = "<group>"; };
		1D6A3BC3E11F6AA6AB8A67F4 /* TextViewController.h */ = {isa = PBXFileReference; fileEncoding = 4; lastKnownFileType = sourcecode.c.h; path = TextViewController.h; sourceTree = "<group>"; };
		1D6A3C1EB0662A3797BEB4E2 /* WebBrowserViewController.h */ = {isa = PBXFileReference; fileEncoding = 4; lastKnownFileType = sourcecode.c.h; path = WebBrowserViewController.h; sourceTree = "<group>"; };
		1D6A3C9CCA5F6762E3538711 /* PinErrorMapper.m */ = {isa = PBXFileReference; fileEncoding = 4; lastKnownFileType = sourcecode.c.objc; path = PinErrorMapper.m; sourceTree = "<group>"; };
		1D6A3CB9F77C29BFB4E61EC5 /* ProfileViewController.m */ = {isa = PBXFileReference; fileEncoding = 4; lastKnownFileType = sourcecode.c.objc; path = ProfileViewController.m; sourceTree = "<group>"; };
		1D6A3D3023D96D2645797915 /* UIAlertController+Shortcut.m */ = {isa = PBXFileReference; fileEncoding = 4; lastKnownFileType = sourcecode.c.objc; path = "UIAlertController+Shortcut.m"; sourceTree = "<group>"; };
		1D6A3E861288599BD7CFFD5C /* UIBarButtonItem+Extension.h */ = {isa = PBXFileReference; fileEncoding = 4; lastKnownFileType = sourcecode.c.h; path = "UIBarButtonItem+Extension.h"; sourceTree = "<group>"; };
		1D6A3EC9D950AE2FC0E556EE /* ONGResourceResponse+JSONResponse.m */ = {isa = PBXFileReference; fileEncoding = 4; lastKnownFileType = sourcecode.c.objc; path = "ONGResourceResponse+JSONResponse.m"; sourceTree = "<group>"; };
		1D6A3F00AB5D62BC7FAE1334 /* NavigationControllerAppearance.h */ = {isa = PBXFileReference; fileEncoding = 4; lastKnownFileType = sourcecode.c.h; path = NavigationControllerAppearance.h; sourceTree = "<group>"; };
		1D6A3F17A5FD85B52B51CBFB /* UIAlertController+Shortcut.h */ = {isa = PBXFileReference; fileEncoding = 4; lastKnownFileType = sourcecode.c.h; path = "UIAlertController+Shortcut.h"; sourceTree = "<group>"; };
		1D6A3FCE4B8CCB452F56F9D2 /* WebBrowserViewController.xib */ = {isa = PBXFileReference; lastKnownFileType = file.xib; path = WebBrowserViewController.xib; sourceTree = "<group>"; };
		3ACFD9054DC70E31931FBE1A /* Pods-OneginiExampleApp.release.xcconfig */ = {isa = PBXFileReference; includeInIndex = 1; lastKnownFileType = text.xcconfig; name = "Pods-OneginiExampleApp.release.xcconfig"; path = "Pods/Target Support Files/Pods-OneginiExampleApp/Pods-OneginiExampleApp.release.xcconfig"; sourceTree = "<group>"; };
		5C1F1CD91D464DE100D4D5C0 /* RegistrationController.h */ = {isa = PBXFileReference; fileEncoding = 4; lastKnownFileType = sourcecode.c.h; path = RegistrationController.h; sourceTree = "<group>"; };
		5C1F1CDA1D464DE100D4D5C0 /* RegistrationController.m */ = {isa = PBXFileReference; fileEncoding = 4; lastKnownFileType = sourcecode.c.objc; path = RegistrationController.m; sourceTree = "<group>"; };
		5C3CA1461D11394000F00C05 /* FingerprintController.h */ = {isa = PBXFileReference; fileEncoding = 4; lastKnownFileType = sourcecode.c.h; path = FingerprintController.h; sourceTree = "<group>"; };
		5C3CA1471D11394000F00C05 /* FingerprintController.m */ = {isa = PBXFileReference; fileEncoding = 4; lastKnownFileType = sourcecode.c.objc; path = FingerprintController.m; sourceTree = "<group>"; };
		5C3CA1591D13E56100F00C05 /* ChangePinController.h */ = {isa = PBXFileReference; fileEncoding = 4; lastKnownFileType = sourcecode.c.h; path = ChangePinController.h; sourceTree = "<group>"; };
		5C3CA15A1D13E56100F00C05 /* ChangePinController.m */ = {isa = PBXFileReference; fileEncoding = 4; lastKnownFileType = sourcecode.c.objc; path = ChangePinController.m; sourceTree = "<group>"; };
		5C6B80911D9EA86E00D94D68 /* samsungsds-bm-ios-v1.4.1.a */ = {isa = PBXFileReference; lastKnownFileType = archive.ar; path = "samsungsds-bm-ios-v1.4.1.a"; sourceTree = "<group>"; };
		5C6B80921D9EA86E00D94D68 /* SensoryBiometricsManager.framework */ = {isa = PBXFileReference; lastKnownFileType = wrapper.framework; path = SensoryBiometricsManager.framework; sourceTree = "<group>"; };
		5C6B80931D9EA86E00D94D68 /* uaf-client-ios-v1.4.1.a */ = {isa = PBXFileReference; lastKnownFileType = archive.ar; path = "uaf-client-ios-v1.4.1.a"; sourceTree = "<group>"; };
		5C6B80961D9EA86E00D94D68 /* OneginiSDK.h */ = {isa = PBXFileReference; fileEncoding = 4; lastKnownFileType = sourcecode.c.h; path = OneginiSDK.h; sourceTree = "<group>"; };
		5C6B80971D9EA86E00D94D68 /* ONGAuthenticationDelegate.h */ = {isa = PBXFileReference; fileEncoding = 4; lastKnownFileType = sourcecode.c.h; path = ONGAuthenticationDelegate.h; sourceTree = "<group>"; };
		5C6B80981D9EA86E00D94D68 /* ONGAuthenticator.h */ = {isa = PBXFileReference; fileEncoding = 4; lastKnownFileType = sourcecode.c.h; path = ONGAuthenticator.h; sourceTree = "<group>"; };
		5C6B80991D9EA86E00D94D68 /* ONGChangePinDelegate.h */ = {isa = PBXFileReference; fileEncoding = 4; lastKnownFileType = sourcecode.c.h; path = ONGChangePinDelegate.h; sourceTree = "<group>"; };
		5C6B809A1D9EA86E00D94D68 /* ONGClient.h */ = {isa = PBXFileReference; fileEncoding = 4; lastKnownFileType = sourcecode.c.h; path = ONGClient.h; sourceTree = "<group>"; };
		5C6B809B1D9EA86E00D94D68 /* ONGClientBuilder.h */ = {isa = PBXFileReference; fileEncoding = 4; lastKnownFileType = sourcecode.c.h; path = ONGClientBuilder.h; sourceTree = "<group>"; };
		5C6B809C1D9EA86E00D94D68 /* ONGConfigModel.h */ = {isa = PBXFileReference; fileEncoding = 4; lastKnownFileType = sourcecode.c.h; path = ONGConfigModel.h; sourceTree = "<group>"; };
		5C6B809D1D9EA86E00D94D68 /* ONGCreatePinChallenge.h */ = {isa = PBXFileReference; fileEncoding = 4; lastKnownFileType = sourcecode.c.h; path = ONGCreatePinChallenge.h; sourceTree = "<group>"; };
		5C6B809E1D9EA86E00D94D68 /* ONGDeviceClient.h */ = {isa = PBXFileReference; fileEncoding = 4; lastKnownFileType = sourcecode.c.h; path = ONGDeviceClient.h; sourceTree = "<group>"; };
		5C6B809F1D9EA86E00D94D68 /* ONGErrors.h */ = {isa = PBXFileReference; fileEncoding = 4; lastKnownFileType = sourcecode.c.h; path = ONGErrors.h; sourceTree = "<group>"; };
		5C6B80A01D9EA86E00D94D68 /* ONGFingerprintChallenge.h */ = {isa = PBXFileReference; fileEncoding = 4; lastKnownFileType = sourcecode.c.h; path = ONGFingerprintChallenge.h; sourceTree = "<group>"; };
		5C6B80A11D9EA86E00D94D68 /* ONGMobileAuthenticationRequest.h */ = {isa = PBXFileReference; fileEncoding = 4; lastKnownFileType = sourcecode.c.h; path = ONGMobileAuthenticationRequest.h; sourceTree = "<group>"; };
		5C6B80A21D9EA86E00D94D68 /* ONGMobileAuthenticationRequestDelegate.h */ = {isa = PBXFileReference; fileEncoding = 4; lastKnownFileType = sourcecode.c.h; path = ONGMobileAuthenticationRequestDelegate.h; sourceTree = "<group>"; };
		5C6B80A31D9EA86E00D94D68 /* ONGNetworkTask.h */ = {isa = PBXFileReference; fileEncoding = 4; lastKnownFileType = sourcecode.c.h; path = ONGNetworkTask.h; sourceTree = "<group>"; };
		5C6B80A41D9EA86E00D94D68 /* ONGPinChallenge.h */ = {isa = PBXFileReference; fileEncoding = 4; lastKnownFileType = sourcecode.c.h; path = ONGPinChallenge.h; sourceTree = "<group>"; };
		5C6B80A51D9EA86E00D94D68 /* ONGPublicCommons.h */ = {isa = PBXFileReference; fileEncoding = 4; lastKnownFileType = sourcecode.c.h; path = ONGPublicCommons.h; sourceTree = "<group>"; };
		5C6B80A61D9EA86E00D94D68 /* ONGPublicDefines.h */ = {isa = PBXFileReference; fileEncoding = 4; lastKnownFileType = sourcecode.c.h; path = ONGPublicDefines.h; sourceTree = "<group>"; };
		5C6B80A71D9EA86E00D94D68 /* ONGRegistrationDelegate.h */ = {isa = PBXFileReference; fileEncoding = 4; lastKnownFileType = sourcecode.c.h; path = ONGRegistrationDelegate.h; sourceTree = "<group>"; };
		5C6B80A81D9EA86E00D94D68 /* ONGRequestBuilder.h */ = {isa = PBXFileReference; fileEncoding = 4; lastKnownFileType = sourcecode.c.h; path = ONGRequestBuilder.h; sourceTree = "<group>"; };
		5C6B80A91D9EA86E00D94D68 /* ONGResourceRequest.h */ = {isa = PBXFileReference; fileEncoding = 4; lastKnownFileType = sourcecode.c.h; path = ONGResourceRequest.h; sourceTree = "<group>"; };
		5C6B80AA1D9EA86E00D94D68 /* ONGResourceResponse.h */ = {isa = PBXFileReference; fileEncoding = 4; lastKnownFileType = sourcecode.c.h; path = ONGResourceResponse.h; sourceTree = "<group>"; };
		5C6B80AB1D9EA86E00D94D68 /* ONGUserClient.h */ = {isa = PBXFileReference; fileEncoding = 4; lastKnownFileType = sourcecode.c.h; path = ONGUserClient.h; sourceTree = "<group>"; };
		5C6B80AC1D9EA86E00D94D68 /* ONGUserProfile.h */ = {isa = PBXFileReference; fileEncoding = 4; lastKnownFileType = sourcecode.c.h; path = ONGUserProfile.h; sourceTree = "<group>"; };
		5C6B80AD1D9EA86E00D94D68 /* samsungsds-biomodule-ios-v1.4.0.framework */ = {isa = PBXFileReference; lastKnownFileType = wrapper.framework; path = "samsungsds-biomodule-ios-v1.4.0.framework"; sourceTree = "<group>"; };
		5C6B80AE1D9EA86E00D94D68 /* SensoryBiometricsManager.framework */ = {isa = PBXFileReference; lastKnownFileType = wrapper.framework; path = SensoryBiometricsManager.framework; sourceTree = "<group>"; };
		5C6B80AF1D9EA86E00D94D68 /* libOneginiSDKiOS-5.00.00.a */ = {isa = PBXFileReference; lastKnownFileType = archive.ar; path = "libOneginiSDKiOS-5.00.00.a"; sourceTree = "<group>"; };
		5C8A03B01CDFA7C2007ADA14 /* WebBrowserViewController.h */ = {isa = PBXFileReference; fileEncoding = 4; lastKnownFileType = sourcecode.c.h; path = WebBrowserViewController.h; sourceTree = "<group>"; };
		5C8A03B11CDFA7C2007ADA14 /* WebBrowserViewController.m */ = {isa = PBXFileReference; fileEncoding = 4; lastKnownFileType = sourcecode.c.objc; path = WebBrowserViewController.m; sourceTree = "<group>"; };
		5C8A03B21CDFA7C2007ADA14 /* WebBrowserViewController.xib */ = {isa = PBXFileReference; fileEncoding = 4; lastKnownFileType = file.xib; path = WebBrowserViewController.xib; sourceTree = "<group>"; };
		5C8A03BB1CDFB36F007ADA14 /* PinViewController.h */ = {isa = PBXFileReference; fileEncoding = 4; lastKnownFileType = sourcecode.c.h; path = PinViewController.h; sourceTree = "<group>"; };
		5C8A03BC1CDFB36F007ADA14 /* PinViewController.m */ = {isa = PBXFileReference; fileEncoding = 4; lastKnownFileType = sourcecode.c.objc; path = PinViewController.m; sourceTree = "<group>"; };
		5C8A03BD1CDFB36F007ADA14 /* PinViewController.xib */ = {isa = PBXFileReference; fileEncoding = 4; lastKnownFileType = file.xib; path = PinViewController.xib; sourceTree = "<group>"; };
		5CAE98AF1CE0929C009C1D1A /* LaunchScreen.xib */ = {isa = PBXFileReference; fileEncoding = 4; lastKnownFileType = file.xib; path = LaunchScreen.xib; sourceTree = "<group>"; };
		5CAE98C51CE0DEF8009C1D1A /* OneginiConfigModel.m */ = {isa = PBXFileReference; fileEncoding = 4; lastKnownFileType = sourcecode.c.objc; name = OneginiConfigModel.m; path = Configuration/OneginiConfigModel.m; sourceTree = "<group>"; };
		5CD187411CEDA5B8001FD062 /* MobileAuthenticationController.h */ = {isa = PBXFileReference; fileEncoding = 4; lastKnownFileType = sourcecode.c.h; path = MobileAuthenticationController.h; sourceTree = "<group>"; };
		5CD187421CEDA5B8001FD062 /* MobileAuthenticationController.m */ = {isa = PBXFileReference; fileEncoding = 4; lastKnownFileType = sourcecode.c.objc; path = MobileAuthenticationController.m; sourceTree = "<group>"; };
		8F110FB687139430D79AEAD0 /* Pods-OneginiExampleApp.debug.xcconfig */ = {isa = PBXFileReference; includeInIndex = 1; lastKnownFileType = text.xcconfig; name = "Pods-OneginiExampleApp.debug.xcconfig"; path = "Pods/Target Support Files/Pods-OneginiExampleApp/Pods-OneginiExampleApp.debug.xcconfig"; sourceTree = "<group>"; };
		AD2F1FCF1D9EA8DD006A50FF /* SettingsViewController.xib */ = {isa = PBXFileReference; fileEncoding = 4; lastKnownFileType = file.xib; path = SettingsViewController.xib; sourceTree = "<group>"; };
		AD2F1FD11D9EA8EE006A50FF /* AuthenticatorCellTableViewCell.xib */ = {isa = PBXFileReference; fileEncoding = 4; lastKnownFileType = file.xib; path = AuthenticatorCellTableViewCell.xib; sourceTree = "<group>"; };
		AD2F1FD31D9EABA8006A50FF /* WelcomeViewController.xib */ = {isa = PBXFileReference; fileEncoding = 4; lastKnownFileType = file.xib; path = WelcomeViewController.xib; sourceTree = "<group>"; };
		ADEC3AD71D884D7E0009234A /* OneginiSDK.h */ = {isa = PBXFileReference; fileEncoding = 4; lastKnownFileType = sourcecode.c.h; path = OneginiSDK.h; sourceTree = "<group>"; };
		ADEC3AD81D884D7E0009234A /* ONGAuthenticationDelegate.h */ = {isa = PBXFileReference; fileEncoding = 4; lastKnownFileType = sourcecode.c.h; path = ONGAuthenticationDelegate.h; sourceTree = "<group>"; };
		ADEC3AD91D884D7E0009234A /* ONGAuthenticator.h */ = {isa = PBXFileReference; fileEncoding = 4; lastKnownFileType = sourcecode.c.h; path = ONGAuthenticator.h; sourceTree = "<group>"; };
		ADEC3ADA1D884D7E0009234A /* ONGChangePinDelegate.h */ = {isa = PBXFileReference; fileEncoding = 4; lastKnownFileType = sourcecode.c.h; path = ONGChangePinDelegate.h; sourceTree = "<group>"; };
		ADEC3ADB1D884D7E0009234A /* ONGClient.h */ = {isa = PBXFileReference; fileEncoding = 4; lastKnownFileType = sourcecode.c.h; path = ONGClient.h; sourceTree = "<group>"; };
		ADEC3ADC1D884D7E0009234A /* ONGClientBuilder.h */ = {isa = PBXFileReference; fileEncoding = 4; lastKnownFileType = sourcecode.c.h; path = ONGClientBuilder.h; sourceTree = "<group>"; };
		ADEC3ADD1D884D7E0009234A /* ONGConfigModel.h */ = {isa = PBXFileReference; fileEncoding = 4; lastKnownFileType = sourcecode.c.h; path = ONGConfigModel.h; sourceTree = "<group>"; };
		ADEC3ADE1D884D7E0009234A /* ONGCreatePinChallenge.h */ = {isa = PBXFileReference; fileEncoding = 4; lastKnownFileType = sourcecode.c.h; path = ONGCreatePinChallenge.h; sourceTree = "<group>"; };
		ADEC3ADF1D884D7E0009234A /* ONGDeviceClient.h */ = {isa = PBXFileReference; fileEncoding = 4; lastKnownFileType = sourcecode.c.h; path = ONGDeviceClient.h; sourceTree = "<group>"; };
		ADEC3AE01D884D7E0009234A /* ONGErrors.h */ = {isa = PBXFileReference; fileEncoding = 4; lastKnownFileType = sourcecode.c.h; path = ONGErrors.h; sourceTree = "<group>"; };
		ADEC3AE11D884D7E0009234A /* ONGFingerprintChallenge.h */ = {isa = PBXFileReference; fileEncoding = 4; lastKnownFileType = sourcecode.c.h; path = ONGFingerprintChallenge.h; sourceTree = "<group>"; };
		ADEC3AE21D884D7E0009234A /* ONGMobileAuthenticationRequest.h */ = {isa = PBXFileReference; fileEncoding = 4; lastKnownFileType = sourcecode.c.h; path = ONGMobileAuthenticationRequest.h; sourceTree = "<group>"; };
		ADEC3AE31D884D7E0009234A /* ONGMobileAuthenticationRequestDelegate.h */ = {isa = PBXFileReference; fileEncoding = 4; lastKnownFileType = sourcecode.c.h; path = ONGMobileAuthenticationRequestDelegate.h; sourceTree = "<group>"; };
		ADEC3AE41D884D7E0009234A /* ONGNetworkTask.h */ = {isa = PBXFileReference; fileEncoding = 4; lastKnownFileType = sourcecode.c.h; path = ONGNetworkTask.h; sourceTree = "<group>"; };
		ADEC3AE51D884D7E0009234A /* ONGPinChallenge.h */ = {isa = PBXFileReference; fileEncoding = 4; lastKnownFileType = sourcecode.c.h; path = ONGPinChallenge.h; sourceTree = "<group>"; };
		ADEC3AE61D884D7E0009234A /* ONGPublicCommons.h */ = {isa = PBXFileReference; fileEncoding = 4; lastKnownFileType = sourcecode.c.h; path = ONGPublicCommons.h; sourceTree = "<group>"; };
		ADEC3AE71D884D7E0009234A /* ONGPublicDefines.h */ = {isa = PBXFileReference; fileEncoding = 4; lastKnownFileType = sourcecode.c.h; path = ONGPublicDefines.h; sourceTree = "<group>"; };
		ADEC3AE81D884D7E0009234A /* ONGRegistrationDelegate.h */ = {isa = PBXFileReference; fileEncoding = 4; lastKnownFileType = sourcecode.c.h; path = ONGRegistrationDelegate.h; sourceTree = "<group>"; };
		ADEC3AE91D884D7E0009234A /* ONGRequestBuilder.h */ = {isa = PBXFileReference; fileEncoding = 4; lastKnownFileType = sourcecode.c.h; path = ONGRequestBuilder.h; sourceTree = "<group>"; };
		ADEC3AEA1D884D7E0009234A /* ONGResourceRequest.h */ = {isa = PBXFileReference; fileEncoding = 4; lastKnownFileType = sourcecode.c.h; path = ONGResourceRequest.h; sourceTree = "<group>"; };
		ADEC3AEB1D884D7E0009234A /* ONGResourceResponse.h */ = {isa = PBXFileReference; fileEncoding = 4; lastKnownFileType = sourcecode.c.h; path = ONGResourceResponse.h; sourceTree = "<group>"; };
		ADEC3AEC1D884D7E0009234A /* ONGUserClient.h */ = {isa = PBXFileReference; fileEncoding = 4; lastKnownFileType = sourcecode.c.h; path = ONGUserClient.h; sourceTree = "<group>"; };
		ADEC3AED1D884D7E0009234A /* ONGUserProfile.h */ = {isa = PBXFileReference; fileEncoding = 4; lastKnownFileType = sourcecode.c.h; path = ONGUserProfile.h; sourceTree = "<group>"; };
		AF975CF4D99994DAF5BD2E6B /* OneginiConfigModel.h */ = {isa = PBXFileReference; includeInIndex = 1; lastKnownFileType = sourcecode.c.h; name = OneginiConfigModel.h; path = Configuration/OneginiConfigModel.h; sourceTree = "<group>"; };
		B47ADC3C1D644F24006DA9D1 /* SecurityController.h */ = {isa = PBXFileReference; fileEncoding = 4; lastKnownFileType = sourcecode.c.h; name = SecurityController.h; path = Configuration/SecurityController.h; sourceTree = "<group>"; };
		B47ADC3D1D644F24006DA9D1 /* SecurityController.m */ = {isa = PBXFileReference; fileEncoding = 4; lastKnownFileType = sourcecode.c.objc; name = SecurityController.m; path = Configuration/SecurityController.m; sourceTree = "<group>"; };
		C572A2D71CD893C400B137DC /* OneginiExampleApp.app */ = {isa = PBXFileReference; explicitFileType = wrapper.application; includeInIndex = 0; path = OneginiExampleApp.app; sourceTree = BUILT_PRODUCTS_DIR; };
		C572A2DB1CD893C400B137DC /* main.m */ = {isa = PBXFileReference; lastKnownFileType = sourcecode.c.objc; path = main.m; sourceTree = "<group>"; };
		C572A2DD1CD893C400B137DC /* AppDelegate.h */ = {isa = PBXFileReference; lastKnownFileType = sourcecode.c.h; path = AppDelegate.h; sourceTree = "<group>"; };
		C572A2DE1CD893C400B137DC /* AppDelegate.m */ = {isa = PBXFileReference; lastKnownFileType = sourcecode.c.objc; path = AppDelegate.m; sourceTree = "<group>"; };
		C572A2E61CD893C400B137DC /* Assets.xcassets */ = {isa = PBXFileReference; lastKnownFileType = folder.assetcatalog; path = Assets.xcassets; sourceTree = "<group>"; };
		C572A2EB1CD893C400B137DC /* Info.plist */ = {isa = PBXFileReference; lastKnownFileType = text.plist.xml; path = Info.plist; sourceTree = "<group>"; };
		C5A29A601CDCA55900E6B1D4 /* AuthenticationController.h */ = {isa = PBXFileReference; fileEncoding = 4; lastKnownFileType = sourcecode.c.h; path = AuthenticationController.h; sourceTree = "<group>"; };
		C5A29A611CDCA55900E6B1D4 /* AuthenticationController.m */ = {isa = PBXFileReference; fileEncoding = 4; lastKnownFileType = sourcecode.c.objc; path = AuthenticationController.m; sourceTree = "<group>"; };
		C5A29A761CDCE78F00E6B1D4 /* Profile.h */ = {isa = PBXFileReference; fileEncoding = 4; lastKnownFileType = sourcecode.c.h; path = Profile.h; sourceTree = "<group>"; };
		C5A29A771CDCE78F00E6B1D4 /* Profile.m */ = {isa = PBXFileReference; fileEncoding = 4; lastKnownFileType = sourcecode.c.objc; path = Profile.m; sourceTree = "<group>"; };
		C5FE9E901CD8C0D200142A20 /* Security.framework */ = {isa = PBXFileReference; lastKnownFileType = wrapper.framework; name = Security.framework; path = System/Library/Frameworks/Security.framework; sourceTree = SDKROOT; };
		C5FE9E921CD8C0D800142A20 /* SystemConfiguration.framework */ = {isa = PBXFileReference; lastKnownFileType = wrapper.framework; name = SystemConfiguration.framework; path = System/Library/Frameworks/SystemConfiguration.framework; sourceTree = SDKROOT; };
		C5FE9E941CD8C0DE00142A20 /* MobileCoreServices.framework */ = {isa = PBXFileReference; lastKnownFileType = wrapper.framework; name = MobileCoreServices.framework; path = System/Library/Frameworks/MobileCoreServices.framework; sourceTree = SDKROOT; };
		C5FE9E961CD8C0F300142A20 /* libiconv.tbd */ = {isa = PBXFileReference; lastKnownFileType = "sourcecode.text-based-dylib-definition"; name = libiconv.tbd; path = usr/lib/libiconv.tbd; sourceTree = SDKROOT; };
		C5FE9E981CD8C10000142A20 /* libc++.tbd */ = {isa = PBXFileReference; lastKnownFileType = "sourcecode.text-based-dylib-definition"; name = "libc++.tbd"; path = "usr/lib/libc++.tbd"; sourceTree = SDKROOT; };
		CB2E2640AC9BD8B06787756E /* tokenserver-demo-test.onegini.com.cer */ = {isa = PBXFileReference; includeInIndex = 1; lastKnownFileType = file; name = "tokenserver-demo-test.onegini.com.cer"; path = "Configuration/tokenserver-demo-test.onegini.com.cer"; sourceTree = "<group>"; };
/* End PBXFileReference section */

/* Begin PBXFrameworksBuildPhase section */
		C572A2D41CD893C400B137DC /* Frameworks */ = {
			isa = PBXFrameworksBuildPhase;
			buildActionMask = 2147483647;
			files = (
				C5FE9E991CD8C10000142A20 /* libc++.tbd in Frameworks */,
				5C6B80B21D9EA86E00D94D68 /* SensoryBiometricsManager.framework in Frameworks */,
				5C6B80B11D9EA86E00D94D68 /* samsungsds-bm-ios-v1.4.1.a in Frameworks */,
				5C6B80CD1D9EA86E00D94D68 /* libOneginiSDKiOS-5.00.00.a in Frameworks */,
				C5FE9E971CD8C0F300142A20 /* libiconv.tbd in Frameworks */,
				C5FE9E951CD8C0DE00142A20 /* MobileCoreServices.framework in Frameworks */,
				C5FE9E931CD8C0D800142A20 /* SystemConfiguration.framework in Frameworks */,
				C5FE9E911CD8C0D200142A20 /* Security.framework in Frameworks */,
				CFC7BE61EF0643B492D7E269 /* libPods-OneginiExampleApp.a in Frameworks */,
				5C6B80B31D9EA86E00D94D68 /* uaf-client-ios-v1.4.1.a in Frameworks */,
			);
			runOnlyForDeploymentPostprocessing = 0;
		};
/* End PBXFrameworksBuildPhase section */

/* Begin PBXGroup section */
		1D6A3240BF4EB8CE613FA7A8 /* Pin */ = {
			isa = PBXGroup;
			children = (
				1D6A308C7442E7A5E994BDBC /* PinViewController.h */,
				1D6A3501CE369F617D340DEE /* PinViewController.m */,
				1D6A3A62C4FCDA16C7CE0C57 /* PinViewController.xib */,
			);
			path = Pin;
			sourceTree = "<group>";
		};
		1D6A33CE3DD0EDE4540C5B39 /* Categories */ = {
			isa = PBXGroup;
			children = (
				1D6A3EC9D950AE2FC0E556EE /* ONGResourceResponse+JSONResponse.m */,
				1D6A37EEF488F40336008921 /* ONGResourceResponse+JSONResponse.h */,
				1D6A3D3023D96D2645797915 /* UIAlertController+Shortcut.m */,
				1D6A3F17A5FD85B52B51CBFB /* UIAlertController+Shortcut.h */,
				1D6A3152B017C5D23CB7F135 /* UIBarButtonItem+Extension.m */,
				1D6A3E861288599BD7CFFD5C /* UIBarButtonItem+Extension.h */,
			);
			path = Categories;
			sourceTree = "<group>";
		};
		1D6A33D692351089B88B3F83 /* PushConfirmation */ = {
			isa = PBXGroup;
			children = (
				1D6A373DE7F6CA5789B8C6DD /* PushConfirmationViewController.h */,
				1D6A39AB112BA2D3A28165FB /* PushConfirmationViewController.m */,
				1D6A3231E45B84DAE1BE7D63 /* PushConfirmationViewController.xib */,
			);
			path = PushConfirmation;
			sourceTree = "<group>";
		};
		1D6A35E788A1C69B144DB339 /* Settings */ = {
			isa = PBXGroup;
			children = (
				1D6A3AE1650D83B8D6BFDA44 /* SettingsViewController.h */,
				1D6A3782F8020A9DBEBEDB7C /* SettingsViewController.m */,
				AD2F1FCF1D9EA8DD006A50FF /* SettingsViewController.xib */,
				1D6A39EABD811550F0DED8A7 /* AuthenticatorCellTableViewCell.h */,
				1D6A3345966787F81FC4101C /* AuthenticatorCellTableViewCell.m */,
				AD2F1FD11D9EA8EE006A50FF /* AuthenticatorCellTableViewCell.xib */,
			);
			path = Settings;
			sourceTree = "<group>";
		};
		1D6A369DA3EA4675EACBEE0D /* WebBrowser */ = {
			isa = PBXGroup;
			children = (
				1D6A3C1EB0662A3797BEB4E2 /* WebBrowserViewController.h */,
				1D6A3498F3AF95E38FAADA93 /* WebBrowserViewController.m */,
				1D6A3FCE4B8CCB452F56F9D2 /* WebBrowserViewController.xib */,
			);
			path = WebBrowser;
			sourceTree = "<group>";
		};
		1D6A37901858FC6395935095 /* Text */ = {
			isa = PBXGroup;
			children = (
				1D6A3BC3E11F6AA6AB8A67F4 /* TextViewController.h */,
				1D6A30F82FC0C34367E3B439 /* TextViewController.m */,
				1D6A34DB3A2EDA081D5B85CB /* TextViewController.xib */,
			);
			path = Text;
			sourceTree = "<group>";
		};
		1D6A3BE3B71FAF525D60E60A /* Misc */ = {
			isa = PBXGroup;
			children = (
				1D6A33CE3DD0EDE4540C5B39 /* Categories */,
				1D6A328D53DDF3417A35EF62 /* PinErrorMapper.h */,
				1D6A3C9CCA5F6762E3538711 /* PinErrorMapper.m */,
				1D6A33EEAB85952D64A6F6F3 /* NavigationControllerAppearance.m */,
				1D6A3F00AB5D62BC7FAE1334 /* NavigationControllerAppearance.h */,
			);
			path = Misc;
			sourceTree = "<group>";
		};
		1D6A3C1CA787A35E550E2F99 /* Profile */ = {
			isa = PBXGroup;
			children = (
				1D6A3A4C4A308C210E87CC77 /* ProfileViewController.h */,
				1D6A3CB9F77C29BFB4E61EC5 /* ProfileViewController.m */,
				1D6A3852A60B8D9519FDF224 /* ProfileViewController.xib */,
			);
			path = Profile;
			sourceTree = "<group>";
		};
		1D6A3FDCF9B8E3F5E71D2D86 /* Welcome */ = {
			isa = PBXGroup;
			children = (
				1D6A327187B32EAE41340FD5 /* WelcomeViewController.h */,
				1D6A322ADB02E92F8F9D959A /* WelcomeViewController.m */,
				AD2F1FD31D9EABA8006A50FF /* WelcomeViewController.xib */,
			);
			path = Welcome;
			sourceTree = "<group>";
		};
		5C6B808E1D9EA86E00D94D68 /* Dependencies */ = {
			isa = PBXGroup;
			children = (
				5C6B808F1D9EA86E00D94D68 /* FIDO */,
				5C6B80941D9EA86E00D94D68 /* OneginiSDK */,
			);
			path = Dependencies;
			sourceTree = "<group>";
		};
		5C6B808F1D9EA86E00D94D68 /* FIDO */ = {
			isa = PBXGroup;
			children = (
				5C6B80911D9EA86E00D94D68 /* samsungsds-bm-ios-v1.4.1.a */,
				5C6B80921D9EA86E00D94D68 /* SensoryBiometricsManager.framework */,
				5C6B80931D9EA86E00D94D68 /* uaf-client-ios-v1.4.1.a */,
			);
			path = FIDO;
			sourceTree = "<group>";
		};
		5C6B80941D9EA86E00D94D68 /* OneginiSDK */ = {
			isa = PBXGroup;
			children = (
				5C6B80951D9EA86E00D94D68 /* Headers */,
				5C6B80AF1D9EA86E00D94D68 /* libOneginiSDKiOS-5.00.00.a */,
			);
			path = OneginiSDK;
			sourceTree = "<group>";
		};
		5C6B80951D9EA86E00D94D68 /* Headers */ = {
			isa = PBXGroup;
			children = (
				5C6B80961D9EA86E00D94D68 /* OneginiSDK.h */,
				5C6B80971D9EA86E00D94D68 /* ONGAuthenticationDelegate.h */,
				5C6B80981D9EA86E00D94D68 /* ONGAuthenticator.h */,
				5C6B80991D9EA86E00D94D68 /* ONGChangePinDelegate.h */,
				5C6B809A1D9EA86E00D94D68 /* ONGClient.h */,
				5C6B809B1D9EA86E00D94D68 /* ONGClientBuilder.h */,
				5C6B809C1D9EA86E00D94D68 /* ONGConfigModel.h */,
				5C6B809D1D9EA86E00D94D68 /* ONGCreatePinChallenge.h */,
				5C6B809E1D9EA86E00D94D68 /* ONGDeviceClient.h */,
				5C6B809F1D9EA86E00D94D68 /* ONGErrors.h */,
				5C6B80A01D9EA86E00D94D68 /* ONGFingerprintChallenge.h */,
				5C6B80A11D9EA86E00D94D68 /* ONGMobileAuthenticationRequest.h */,
				5C6B80A21D9EA86E00D94D68 /* ONGMobileAuthenticationRequestDelegate.h */,
				5C6B80A31D9EA86E00D94D68 /* ONGNetworkTask.h */,
				5C6B80A41D9EA86E00D94D68 /* ONGPinChallenge.h */,
				5C6B80A51D9EA86E00D94D68 /* ONGPublicCommons.h */,
				5C6B80A61D9EA86E00D94D68 /* ONGPublicDefines.h */,
				5C6B80A71D9EA86E00D94D68 /* ONGRegistrationDelegate.h */,
				5C6B80A81D9EA86E00D94D68 /* ONGRequestBuilder.h */,
				5C6B80A91D9EA86E00D94D68 /* ONGResourceRequest.h */,
				5C6B80AA1D9EA86E00D94D68 /* ONGResourceResponse.h */,
				5C6B80AB1D9EA86E00D94D68 /* ONGUserClient.h */,
				5C6B80AC1D9EA86E00D94D68 /* ONGUserProfile.h */,
				5C6B80AD1D9EA86E00D94D68 /* samsungsds-biomodule-ios-v1.4.0.framework */,
				5C6B80AE1D9EA86E00D94D68 /* SensoryBiometricsManager.framework */,
			);
			path = Headers;
			sourceTree = "<group>";
		};
		85C98E12477B3DE5E53674FE /* Pods */ = {
			isa = PBXGroup;
			children = (
				8F110FB687139430D79AEAD0 /* Pods-OneginiExampleApp.debug.xcconfig */,
				3ACFD9054DC70E31931FBE1A /* Pods-OneginiExampleApp.release.xcconfig */,
			);
			name = Pods;
			sourceTree = "<group>";
		};
		C531DF7F1CD8FE5400C4BBF2 /* Frameworks */ = {
			isa = PBXGroup;
			children = (
				C5FE9E981CD8C10000142A20 /* libc++.tbd */,
				C5FE9E961CD8C0F300142A20 /* libiconv.tbd */,
				C5FE9E941CD8C0DE00142A20 /* MobileCoreServices.framework */,
				C5FE9E921CD8C0D800142A20 /* SystemConfiguration.framework */,
				C5FE9E901CD8C0D200142A20 /* Security.framework */,
				0F8C250D7FB81F5D5ACD924D /* libPods-OneginiExampleApp.a */,
			);
			name = Frameworks;
			path = OneginiExampleApp;
			sourceTree = "<group>";
		};
		C54139881CD9D3010033DBA8 /* ViewControllers */ = {
			isa = PBXGroup;
			children = (
				5CAE98AF1CE0929C009C1D1A /* LaunchScreen.xib */,
				1D6A3240BF4EB8CE613FA7A8 /* Pin */,
				1D6A3C1CA787A35E550E2F99 /* Profile */,
				1D6A33D692351089B88B3F83 /* PushConfirmation */,
				1D6A35E788A1C69B144DB339 /* Settings */,
				1D6A37901858FC6395935095 /* Text */,
				1D6A369DA3EA4675EACBEE0D /* WebBrowser */,
				1D6A3FDCF9B8E3F5E71D2D86 /* Welcome */,
			);
			path = ViewControllers;
			sourceTree = "<group>";
		};
		C572A2CE1CD893C400B137DC = {
			isa = PBXGroup;
			children = (
				C572A2D91CD893C400B137DC /* OneginiExampleApp */,
				C572A2DA1CD893C400B137DC /* Supporting Files */,
				C572A2D81CD893C400B137DC /* Products */,
				EB67C9E0317DB4510001471A /* Configuration */,
				C531DF7F1CD8FE5400C4BBF2 /* Frameworks */,
				5C6B808E1D9EA86E00D94D68 /* Dependencies */,
				85C98E12477B3DE5E53674FE /* Pods */,
			);
			sourceTree = "<group>";
		};
		C572A2D81CD893C400B137DC /* Products */ = {
			isa = PBXGroup;
			children = (
				C572A2D71CD893C400B137DC /* OneginiExampleApp.app */,
			);
			name = Products;
			path = OneginiExampleApp;
			sourceTree = "<group>";
		};
		C572A2D91CD893C400B137DC /* OneginiExampleApp */ = {
			isa = PBXGroup;
			children = (
				C5A29A751CDCE78F00E6B1D4 /* Models */,
				C5A29A5F1CDCA55900E6B1D4 /* Controllers */,
				C54139881CD9D3010033DBA8 /* ViewControllers */,
				C572A2DD1CD893C400B137DC /* AppDelegate.h */,
				C572A2DE1CD893C400B137DC /* AppDelegate.m */,
				C572A2E61CD893C400B137DC /* Assets.xcassets */,
				1D6A3BE3B71FAF525D60E60A /* Misc */,
			);
			path = OneginiExampleApp;
			sourceTree = "<group>";
		};
		C572A2DA1CD893C400B137DC /* Supporting Files */ = {
			isa = PBXGroup;
			children = (
				C572A2EB1CD893C400B137DC /* Info.plist */,
				C572A2DB1CD893C400B137DC /* main.m */,
			);
			name = "Supporting Files";
			path = OneginiExampleApp;
			sourceTree = "<group>";
		};
		C5A29A5F1CDCA55900E6B1D4 /* Controllers */ = {
			isa = PBXGroup;
			children = (
				C5A29A601CDCA55900E6B1D4 /* AuthenticationController.h */,
				C5A29A611CDCA55900E6B1D4 /* AuthenticationController.m */,
				5C1F1CD91D464DE100D4D5C0 /* RegistrationController.h */,
				5C1F1CDA1D464DE100D4D5C0 /* RegistrationController.m */,
				5CD187411CEDA5B8001FD062 /* MobileAuthenticationController.h */,
				5CD187421CEDA5B8001FD062 /* MobileAuthenticationController.m */,
				5C3CA1591D13E56100F00C05 /* ChangePinController.h */,
				5C3CA15A1D13E56100F00C05 /* ChangePinController.m */,
				5C3CA1461D11394000F00C05 /* FingerprintController.h */,
				5C3CA1471D11394000F00C05 /* FingerprintController.m */,
			);
			path = Controllers;
			sourceTree = "<group>";
		};
		C5A29A751CDCE78F00E6B1D4 /* Models */ = {
			isa = PBXGroup;
			children = (
				C5A29A761CDCE78F00E6B1D4 /* Profile.h */,
				C5A29A771CDCE78F00E6B1D4 /* Profile.m */,
			);
			path = Models;
			sourceTree = "<group>";
		};
		EB67C9E0317DB4510001471A /* Configuration */ = {
			isa = PBXGroup;
			children = (
				B47ADC3C1D644F24006DA9D1 /* SecurityController.h */,
				B47ADC3D1D644F24006DA9D1 /* SecurityController.m */,
				CB2E2640AC9BD8B06787756E /* tokenserver-demo-test.onegini.com.cer */,
				AF975CF4D99994DAF5BD2E6B /* OneginiConfigModel.h */,
				5CAE98C51CE0DEF8009C1D1A /* OneginiConfigModel.m */,
			);
			name = Configuration;
			sourceTree = "<group>";
		};
/* End PBXGroup section */

/* Begin PBXHeadersBuildPhase section */
		25C36A8CE08E549F4B6CA834 /* Headers */ = {
			isa = PBXHeadersBuildPhase;
			buildActionMask = 2147483647;
			files = (
				5C6B80BC1D9EA86E00D94D68 /* ONGDeviceClient.h in Headers */,
				5C6B80BA1D9EA86E00D94D68 /* ONGConfigModel.h in Headers */,
				5C6B80BD1D9EA86E00D94D68 /* ONGErrors.h in Headers */,
				5C6B80C91D9EA86E00D94D68 /* ONGUserClient.h in Headers */,
				5C6B80B51D9EA86E00D94D68 /* ONGAuthenticationDelegate.h in Headers */,
				5CD187431CEDA5B8001FD062 /* MobileAuthenticationController.h in Headers */,
				5C6B80C21D9EA86E00D94D68 /* ONGPinChallenge.h in Headers */,
				5C6B80C01D9EA86E00D94D68 /* ONGMobileAuthenticationRequestDelegate.h in Headers */,
				B47ADC3E1D644F24006DA9D1 /* SecurityController.h in Headers */,
				5C7745211D998285004BBCFE /* ChangePinController.h in Headers */,
				E4459662EEBC767C4F350A5A /* OneginiConfigModel.h in Headers */,
				5C6B80BE1D9EA86E00D94D68 /* ONGFingerprintChallenge.h in Headers */,
				5C6B80CA1D9EA86E00D94D68 /* ONGUserProfile.h in Headers */,
				5C6B80B41D9EA86E00D94D68 /* OneginiSDK.h in Headers */,
				5C6B80B81D9EA86E00D94D68 /* ONGClient.h in Headers */,
				5C6B80BB1D9EA86E00D94D68 /* ONGCreatePinChallenge.h in Headers */,
				5C6B80C81D9EA86E00D94D68 /* ONGResourceResponse.h in Headers */,
				5C6B80C11D9EA86E00D94D68 /* ONGNetworkTask.h in Headers */,
				5C6B80C41D9EA86E00D94D68 /* ONGPublicDefines.h in Headers */,
				5C6B80C61D9EA86E00D94D68 /* ONGRequestBuilder.h in Headers */,
				5C3CA1481D11394000F00C05 /* FingerprintController.h in Headers */,
				ADEC3AF71D884D7E0009234A /* ONGErrors.h in Headers */,
				ADEC3B021D884D7E0009234A /* ONGResourceResponse.h in Headers */,
				ADEC3AF21D884D7E0009234A /* ONGClient.h in Headers */,
				ADEC3AF01D884D7E0009234A /* ONGAuthenticator.h in Headers */,
				ADEC3AF81D884D7E0009234A /* ONGFingerprintChallenge.h in Headers */,
				ADEC3AF51D884D7E0009234A /* ONGCreatePinChallenge.h in Headers */,
				ADEC3AFE1D884D7E0009234A /* ONGPublicDefines.h in Headers */,
				ADEC3AEF1D884D7E0009234A /* ONGAuthenticationDelegate.h in Headers */,
				ADEC3AF41D884D7E0009234A /* ONGConfigModel.h in Headers */,
				ADEC3AFC1D884D7E0009234A /* ONGPinChallenge.h in Headers */,
				ADEC3AEE1D884D7E0009234A /* OneginiSDK.h in Headers */,
				ADEC3AFB1D884D7E0009234A /* ONGNetworkTask.h in Headers */,
				ADEC3B031D884D7E0009234A /* ONGUserClient.h in Headers */,
				ADEC3AFF1D884D7E0009234A /* ONGRegistrationDelegate.h in Headers */,
				ADEC3AF91D884D7E0009234A /* ONGMobileAuthenticationRequest.h in Headers */,
				ADEC3B001D884D7E0009234A /* ONGRequestBuilder.h in Headers */,
				ADEC3AF31D884D7E0009234A /* ONGClientBuilder.h in Headers */,
				ADEC3B041D884D7E0009234A /* ONGUserProfile.h in Headers */,
				ADEC3B011D884D7E0009234A /* ONGResourceRequest.h in Headers */,
				1D6A3790481B45EC7F9ADAB4 /* ONGResourceResponse+JSONResponse.h in Headers */,
				1D6A370A308FE89704C3198C /* UIAlertController+Shortcut.h in Headers */,
				1D6A3DC90D7E0D5F2C95C863 /* PinErrorMapper.h in Headers */,
				5C6B80C31D9EA86E00D94D68 /* ONGPublicCommons.h in Headers */,
				1D6A3C21101996CC9DBA06E7 /* SettingsViewController.h in Headers */,
				1D6A359A4BBC2A98FE047F04 /* AuthenticatorCellTableViewCell.h in Headers */,
				1D6A35682A8137EEEE658FB4 /* UIBarButtonItem+Extension.h in Headers */,
				5C6B80B61D9EA86E00D94D68 /* ONGAuthenticator.h in Headers */,
				5C6B80C71D9EA86E00D94D68 /* ONGResourceRequest.h in Headers */,
				5C6B80B91D9EA86E00D94D68 /* ONGClientBuilder.h in Headers */,
				1D6A3FE5409C973731021E6C /* NavigationControllerAppearance.h in Headers */,
				1D6A3C785B2F3FAC1B0B2276 /* PushConfirmationViewController.h in Headers */,
				1D6A38D6CA4B4E3E8C0F1180 /* TextViewController.h in Headers */,
			);
			runOnlyForDeploymentPostprocessing = 0;
		};
/* End PBXHeadersBuildPhase section */

/* Begin PBXNativeTarget section */
		C572A2D61CD893C400B137DC /* OneginiExampleApp */ = {
			isa = PBXNativeTarget;
			buildConfigurationList = C572A2EE1CD893C400B137DC /* Build configuration list for PBXNativeTarget "OneginiExampleApp" */;
			buildPhases = (
				7A4C9608C094AE17CC2752BA /* [CP] Check Pods Manifest.lock */,
				C572A2D31CD893C400B137DC /* Sources */,
				C572A2D51CD893C400B137DC /* Resources */,
				C572A2D41CD893C400B137DC /* Frameworks */,
				25C36A8CE08E549F4B6CA834 /* Headers */,
				3E9C3312CE531C7668E5AF51 /* [CP] Embed Pods Frameworks */,
				2FA46BFAD3CF50EB39E63E1E /* [CP] Copy Pods Resources */,
				5C6B80D01D9EABB700D94D68 /* Embed Frameworks */,
			);
			buildRules = (
			);
			dependencies = (
			);
			name = OneginiExampleApp;
			productName = OneginiExampleApp;
			productReference = C572A2D71CD893C400B137DC /* OneginiExampleApp.app */;
			productType = "com.apple.product-type.application";
		};
/* End PBXNativeTarget section */

/* Begin PBXProject section */
		C572A2CF1CD893C400B137DC /* Project object */ = {
			isa = PBXProject;
			attributes = {
				CLASSPREFIX = "";
				LastUpgradeCheck = 0800;
				ORGANIZATIONNAME = Onegini;
				TargetAttributes = {
					C572A2D61CD893C400B137DC = {
						CreatedOnToolsVersion = 7.3;
						DevelopmentTeam = 47G5S528XM;
					};
				};
			};
			buildConfigurationList = C572A2D21CD893C400B137DC /* Build configuration list for PBXProject "OneginiExampleApp" */;
			compatibilityVersion = "Xcode 3.2";
			developmentRegion = English;
			hasScannedForEncodings = 0;
			knownRegions = (
				en,
				Base,
			);
			mainGroup = C572A2CE1CD893C400B137DC;
			productRefGroup = C572A2D81CD893C400B137DC /* Products */;
			projectDirPath = "";
			projectRoot = "";
			targets = (
				C572A2D61CD893C400B137DC /* OneginiExampleApp */,
			);
		};
/* End PBXProject section */

/* Begin PBXResourcesBuildPhase section */
		C572A2D51CD893C400B137DC /* Resources */ = {
			isa = PBXResourcesBuildPhase;
			buildActionMask = 2147483647;
			files = (
				C572A2E71CD893C400B137DC /* Assets.xcassets in Resources */,
				5CAE98B01CE0929C009C1D1A /* LaunchScreen.xib in Resources */,
				AD2F1FD21D9EA8EE006A50FF /* AuthenticatorCellTableViewCell.xib in Resources */,
				FE4DA5D3D36E8E9BCF56FAFC /* tokenserver-demo-test.onegini.com.cer in Resources */,
				AD2F1FD41D9EABA8006A50FF /* WelcomeViewController.xib in Resources */,
				AD2F1FD01D9EA8DD006A50FF /* SettingsViewController.xib in Resources */,
				1D6A36C107FC4CC3FDF7ED14 /* PinViewController.xib in Resources */,
				1D6A3D3D5D76E0EA756DA02F /* ProfileViewController.xib in Resources */,
				1D6A368E0AFB5584858C6455 /* PushConfirmationViewController.xib in Resources */,
				1D6A38AA5304E148AC486C18 /* TextViewController.xib in Resources */,
				1D6A34A799DB9CCFF7EC4840 /* WebBrowserViewController.xib in Resources */,
			);
			runOnlyForDeploymentPostprocessing = 0;
		};
/* End PBXResourcesBuildPhase section */

/* Begin PBXShellScriptBuildPhase section */
		2FA46BFAD3CF50EB39E63E1E /* [CP] Copy Pods Resources */ = {
			isa = PBXShellScriptBuildPhase;
			buildActionMask = 2147483647;
			files = (
			);
			inputPaths = (
			);
			name = "[CP] Copy Pods Resources";
			outputPaths = (
			);
			runOnlyForDeploymentPostprocessing = 0;
			shellPath = /bin/sh;
			shellScript = "\"${SRCROOT}/Pods/Target Support Files/Pods-OneginiExampleApp/Pods-OneginiExampleApp-resources.sh\"\n";
			showEnvVarsInLog = 0;
		};
		3E9C3312CE531C7668E5AF51 /* [CP] Embed Pods Frameworks */ = {
			isa = PBXShellScriptBuildPhase;
			buildActionMask = 2147483647;
			files = (
			);
			inputPaths = (
			);
			name = "[CP] Embed Pods Frameworks";
			outputPaths = (
			);
			runOnlyForDeploymentPostprocessing = 0;
			shellPath = /bin/sh;
			shellScript = "\"${SRCROOT}/Pods/Target Support Files/Pods-OneginiExampleApp/Pods-OneginiExampleApp-frameworks.sh\"\n";
			showEnvVarsInLog = 0;
		};
		7A4C9608C094AE17CC2752BA /* [CP] Check Pods Manifest.lock */ = {
			isa = PBXShellScriptBuildPhase;
			buildActionMask = 2147483647;
			files = (
			);
			inputPaths = (
			);
			name = "[CP] Check Pods Manifest.lock";
			outputPaths = (
			);
			runOnlyForDeploymentPostprocessing = 0;
			shellPath = /bin/sh;
			shellScript = "diff \"${PODS_ROOT}/../Podfile.lock\" \"${PODS_ROOT}/Manifest.lock\" > /dev/null\nif [[ $? != 0 ]] ; then\n    cat << EOM\nerror: The sandbox is not in sync with the Podfile.lock. Run 'pod install' or update your CocoaPods installation.\nEOM\n    exit 1\nfi\n";
			showEnvVarsInLog = 0;
		};
/* End PBXShellScriptBuildPhase section */

/* Begin PBXSourcesBuildPhase section */
		C572A2D31CD893C400B137DC /* Sources */ = {
			isa = PBXSourcesBuildPhase;
			buildActionMask = 2147483647;
			files = (
				5C3CA1491D11394000F00C05 /* FingerprintController.m in Sources */,
				C572A2DF1CD893C400B137DC /* AppDelegate.m in Sources */,
				5C3CA15C1D13E56100F00C05 /* ChangePinController.m in Sources */,
				5CAE98C61CE0DEF8009C1D1A /* OneginiConfigModel.m in Sources */,
				C5A29A781CDCE78F00E6B1D4 /* Profile.m in Sources */,
				B47ADC3F1D644F24006DA9D1 /* SecurityController.m in Sources */,
				C5A29A661CDCA55900E6B1D4 /* AuthenticationController.m in Sources */,
				C572A2DC1CD893C400B137DC /* main.m in Sources */,
				5C1F1CDC1D464DE100D4D5C0 /* RegistrationController.m in Sources */,
				5CD187441CEDA5B8001FD062 /* MobileAuthenticationController.m in Sources */,
				1D6A3BB7068B5D6A6CF579D7 /* ONGResourceResponse+JSONResponse.m in Sources */,
				1D6A3512499A1433115A382D /* UIAlertController+Shortcut.m in Sources */,
				1D6A3E32BC3EB7E9A7DAE958 /* PinErrorMapper.m in Sources */,
				1D6A3562C58CF7B77806C78C /* SettingsViewController.m in Sources */,
				1D6A3311B607A0A88951B5EC /* AuthenticatorCellTableViewCell.m in Sources */,
				1D6A36022E8C01D0DFBD8982 /* UIBarButtonItem+Extension.m in Sources */,
				1D6A398C3421FF22811B1994 /* NavigationControllerAppearance.m in Sources */,
				1D6A35B3F1D3C3735ADCCB07 /* WelcomeViewController.m in Sources */,
				1D6A35BAE98429A2F5F5D2D9 /* PinViewController.m in Sources */,
				1D6A31EF60D62E8CA78850EE /* ProfileViewController.m in Sources */,
				1D6A3D5139768E447367C746 /* PushConfirmationViewController.m in Sources */,
				1D6A38DE74044D87D80F4DF1 /* TextViewController.m in Sources */,
				1D6A37F9394FC621A669717F /* WebBrowserViewController.m in Sources */,
			);
			runOnlyForDeploymentPostprocessing = 0;
		};
/* End PBXSourcesBuildPhase section */

/* Begin XCBuildConfiguration section */
		C572A2EC1CD893C400B137DC /* Debug */ = {
			isa = XCBuildConfiguration;
			buildSettings = {
				ALWAYS_SEARCH_USER_PATHS = NO;
				CLANG_ANALYZER_NONNULL = YES;
				CLANG_CXX_LANGUAGE_STANDARD = "gnu++0x";
				CLANG_CXX_LIBRARY = "libc++";
				CLANG_ENABLE_MODULES = YES;
				CLANG_ENABLE_OBJC_ARC = YES;
				CLANG_WARN_BOOL_CONVERSION = YES;
				CLANG_WARN_CONSTANT_CONVERSION = YES;
				CLANG_WARN_DIRECT_OBJC_ISA_USAGE = YES_ERROR;
				CLANG_WARN_EMPTY_BODY = YES;
				CLANG_WARN_ENUM_CONVERSION = YES;
				CLANG_WARN_INFINITE_RECURSION = YES;
				CLANG_WARN_INT_CONVERSION = YES;
				CLANG_WARN_OBJC_ROOT_CLASS = YES_ERROR;
				CLANG_WARN_SUSPICIOUS_MOVE = YES;
				CLANG_WARN_UNREACHABLE_CODE = YES;
				CLANG_WARN__DUPLICATE_METHOD_MATCH = YES;
				"CODE_SIGN_IDENTITY[sdk=iphoneos*]" = "iPhone Developer";
				COPY_PHASE_STRIP = NO;
				DEBUG_INFORMATION_FORMAT = dwarf;
				ENABLE_STRICT_OBJC_MSGSEND = YES;
				ENABLE_TESTABILITY = YES;
				GCC_C_LANGUAGE_STANDARD = gnu99;
				GCC_DYNAMIC_NO_PIC = NO;
				GCC_NO_COMMON_BLOCKS = YES;
				GCC_OPTIMIZATION_LEVEL = 0;
				GCC_PREPROCESSOR_DEFINITIONS = (
					"DEBUG=1",
					"$(inherited)",
				);
				GCC_WARN_64_TO_32_BIT_CONVERSION = YES;
				GCC_WARN_ABOUT_RETURN_TYPE = YES_ERROR;
				GCC_WARN_UNDECLARED_SELECTOR = YES;
				GCC_WARN_UNINITIALIZED_AUTOS = YES_AGGRESSIVE;
				GCC_WARN_UNUSED_FUNCTION = YES;
				GCC_WARN_UNUSED_VARIABLE = YES;
				IPHONEOS_DEPLOYMENT_TARGET = 9.0;
				MTL_ENABLE_DEBUG_INFO = YES;
				ONLY_ACTIVE_ARCH = YES;
				SDKROOT = iphoneos;
			};
			name = Debug;
		};
		C572A2ED1CD893C400B137DC /* Release */ = {
			isa = XCBuildConfiguration;
			buildSettings = {
				ALWAYS_SEARCH_USER_PATHS = NO;
				CLANG_ANALYZER_NONNULL = YES;
				CLANG_CXX_LANGUAGE_STANDARD = "gnu++0x";
				CLANG_CXX_LIBRARY = "libc++";
				CLANG_ENABLE_MODULES = YES;
				CLANG_ENABLE_OBJC_ARC = YES;
				CLANG_WARN_BOOL_CONVERSION = YES;
				CLANG_WARN_CONSTANT_CONVERSION = YES;
				CLANG_WARN_DIRECT_OBJC_ISA_USAGE = YES_ERROR;
				CLANG_WARN_EMPTY_BODY = YES;
				CLANG_WARN_ENUM_CONVERSION = YES;
				CLANG_WARN_INFINITE_RECURSION = YES;
				CLANG_WARN_INT_CONVERSION = YES;
				CLANG_WARN_OBJC_ROOT_CLASS = YES_ERROR;
				CLANG_WARN_SUSPICIOUS_MOVE = YES;
				CLANG_WARN_UNREACHABLE_CODE = YES;
				CLANG_WARN__DUPLICATE_METHOD_MATCH = YES;
				"CODE_SIGN_IDENTITY[sdk=iphoneos*]" = "iPhone Developer";
				COPY_PHASE_STRIP = NO;
				DEBUG_INFORMATION_FORMAT = "dwarf-with-dsym";
				ENABLE_NS_ASSERTIONS = NO;
				ENABLE_STRICT_OBJC_MSGSEND = YES;
				GCC_C_LANGUAGE_STANDARD = gnu99;
				GCC_NO_COMMON_BLOCKS = YES;
				GCC_WARN_64_TO_32_BIT_CONVERSION = YES;
				GCC_WARN_ABOUT_RETURN_TYPE = YES_ERROR;
				GCC_WARN_UNDECLARED_SELECTOR = YES;
				GCC_WARN_UNINITIALIZED_AUTOS = YES_AGGRESSIVE;
				GCC_WARN_UNUSED_FUNCTION = YES;
				GCC_WARN_UNUSED_VARIABLE = YES;
				IPHONEOS_DEPLOYMENT_TARGET = 9.0;
				MTL_ENABLE_DEBUG_INFO = NO;
				SDKROOT = iphoneos;
				VALIDATE_PRODUCT = YES;
			};
			name = Release;
		};
		C572A2EF1CD893C400B137DC /* Debug */ = {
			isa = XCBuildConfiguration;
			baseConfigurationReference = 8F110FB687139430D79AEAD0 /* Pods-OneginiExampleApp.debug.xcconfig */;
			buildSettings = {
				ASSETCATALOG_COMPILER_APPICON_NAME = AppIcon;
				DEVELOPMENT_TEAM = 47G5S528XM;
				ENABLE_BITCODE = NO;
				FRAMEWORK_SEARCH_PATHS = (
					"$(inherited)",
					"$(PROJECT_DIR)/Dependencies/FIDO",
					"$(PROJECT_DIR)/Dependencies/OneginiSDK/Headers",
				);
				INFOPLIST_FILE = OneginiExampleApp/Info.plist;
				IPHONEOS_DEPLOYMENT_TARGET = 9.0;
				LD_RUNPATH_SEARCH_PATHS = "$(inherited) @executable_path/Frameworks";
				LIBRARY_SEARCH_PATHS = (
					"$(inherited)",
					"$(PROJECT_DIR)",
					"$(PROJECT_DIR)/Dependencies/FIDO",
					"$(PROJECT_DIR)/Dependencies/OneginiSDK",
				);
				OTHER_LDFLAGS = (
					"$(inherited)",
					"-force_load",
					"$(SRCROOT)/Dependencies/OneginiSDK/libOneginiSDKiOS-5.00.00.a",
				);
				PRODUCT_BUNDLE_IDENTIFIER = com.onegini.ExampleApp;
				PRODUCT_NAME = "$(TARGET_NAME)";
			};
			name = Debug;
		};
		C572A2F01CD893C400B137DC /* Release */ = {
			isa = XCBuildConfiguration;
			baseConfigurationReference = 3ACFD9054DC70E31931FBE1A /* Pods-OneginiExampleApp.release.xcconfig */;
			buildSettings = {
				ASSETCATALOG_COMPILER_APPICON_NAME = AppIcon;
				DEVELOPMENT_TEAM = 47G5S528XM;
				ENABLE_BITCODE = NO;
				FRAMEWORK_SEARCH_PATHS = (
					"$(inherited)",
					"$(PROJECT_DIR)/Dependencies/FIDO",
					"$(PROJECT_DIR)/Dependencies/OneginiSDK/Headers",
				);
				INFOPLIST_FILE = OneginiExampleApp/Info.plist;
				IPHONEOS_DEPLOYMENT_TARGET = 9.0;
				LD_RUNPATH_SEARCH_PATHS = "$(inherited) @executable_path/Frameworks";
				LIBRARY_SEARCH_PATHS = (
					"$(inherited)",
					"$(PROJECT_DIR)",
					"$(PROJECT_DIR)/Dependencies/FIDO",
					"$(PROJECT_DIR)/Dependencies/OneginiSDK",
				);
				OTHER_LDFLAGS = (
					"$(inherited)",
					"-force_load",
					"$(SRCROOT)/Dependencies/OneginiSDK/libOneginiSDKiOS-5.00.00.a",
				);
				PRODUCT_BUNDLE_IDENTIFIER = com.onegini.ExampleApp;
				PRODUCT_NAME = "$(TARGET_NAME)";
			};
			name = Release;
		};
/* End XCBuildConfiguration section */

/* Begin XCConfigurationList section */
		C572A2D21CD893C400B137DC /* Build configuration list for PBXProject "OneginiExampleApp" */ = {
			isa = XCConfigurationList;
			buildConfigurations = (
				C572A2EC1CD893C400B137DC /* Debug */,
				C572A2ED1CD893C400B137DC /* Release */,
			);
			defaultConfigurationIsVisible = 0;
			defaultConfigurationName = Release;
		};
		C572A2EE1CD893C400B137DC /* Build configuration list for PBXNativeTarget "OneginiExampleApp" */ = {
			isa = XCConfigurationList;
			buildConfigurations = (
				C572A2EF1CD893C400B137DC /* Debug */,
				C572A2F01CD893C400B137DC /* Release */,
			);
			defaultConfigurationIsVisible = 0;
			defaultConfigurationName = Release;
		};
/* End XCConfigurationList section */
	};
	rootObject = C572A2CF1CD893C400B137DC /* Project object */;
}
