// !$*UTF8*$!
{
	archiveVersion = 1;
	classes = {
	};
	objectVersion = 46;
	objects = {

/* Begin PBXBuildFile section */
		23043A8C1AC453F00068FB52 /* main.m in Sources */ = {isa = PBXBuildFile; fileRef = 23043A8B1AC453F00068FB52 /* main.m */; };
		23043A8F1AC453F00068FB52 /* AppDelegate.m in Sources */ = {isa = PBXBuildFile; fileRef = 23043A8E1AC453F00068FB52 /* AppDelegate.m */; };
		23043A921AC453F00068FB52 /* ViewController.m in Sources */ = {isa = PBXBuildFile; fileRef = 23043A911AC453F00068FB52 /* ViewController.m */; };
		23043A951AC453F00068FB52 /* Main.storyboard in Resources */ = {isa = PBXBuildFile; fileRef = 23043A931AC453F00068FB52 /* Main.storyboard */; };
		23043A971AC453F00068FB52 /* Images.xcassets in Resources */ = {isa = PBXBuildFile; fileRef = 23043A961AC453F00068FB52 /* Images.xcassets */; };
		23043A9A1AC453F00068FB52 /* LaunchScreen.xib in Resources */ = {isa = PBXBuildFile; fileRef = 23043A981AC453F00068FB52 /* LaunchScreen.xib */; };
		23043AA61AC453F00068FB52 /* CustomPINEntryTests.m in Sources */ = {isa = PBXBuildFile; fileRef = 23043AA51AC453F00068FB52 /* CustomPINEntryTests.m */; };
		23043AB21AC4540E0068FB52 /* PinEntryViewController.m in Sources */ = {isa = PBXBuildFile; fileRef = 23043AB01AC4540E0068FB52 /* PinEntryViewController.m */; };
		23043AB31AC4540E0068FB52 /* PinEntryViewController.xib in Resources */ = {isa = PBXBuildFile; fileRef = 23043AB11AC4540E0068FB52 /* PinEntryViewController.xib */; };
		23043AB51AC4541F0068FB52 /* Media.xcassets in Resources */ = {isa = PBXBuildFile; fileRef = 23043AB41AC4541F0068FB52 /* Media.xcassets */; };
		236828371AC937ED0055A6D5 /* pin_key_normal.png in Resources */ = {isa = PBXBuildFile; fileRef = 236828361AC937ED0055A6D5 /* pin_key_normal.png */; };
		236828391AC93AE10055A6D5 /* pin_key_highlighted.png in Resources */ = {isa = PBXBuildFile; fileRef = 236828381AC93AE10055A6D5 /* pin_key_highlighted.png */; };
		2368283B1AC93E1B0055A6D5 /* pin_delete_key_normal.png in Resources */ = {isa = PBXBuildFile; fileRef = 2368283A1AC93E1B0055A6D5 /* pin_delete_key_normal.png */; };
		23EF09CC1AC57C5C0090F4B1 /* PinEntryContainerViewController.m in Sources */ = {isa = PBXBuildFile; fileRef = 23EF09CB1AC57C5C0090F4B1 /* PinEntryContainerViewController.m */; };
		23EF09CE1AC5876C0090F4B1 /* PinEntryContainerViewController.xib in Resources */ = {isa = PBXBuildFile; fileRef = 23EF09CD1AC5876C0090F4B1 /* PinEntryContainerViewController.xib */; };
		23EF09D91AC590F20090F4B1 /* OFL.txt in Resources */ = {isa = PBXBuildFile; fileRef = 23EF09D01AC590F20090F4B1 /* OFL.txt */; };
		23EF09DA1AC590F20090F4B1 /* SourceSansPro-ExtraLight.ttf in Resources */ = {isa = PBXBuildFile; fileRef = 23EF09D11AC590F20090F4B1 /* SourceSansPro-ExtraLight.ttf */; };
		23EF09DB1AC590F20090F4B1 /* SourceSansPro-ExtraLightItalic.ttf in Resources */ = {isa = PBXBuildFile; fileRef = 23EF09D21AC590F20090F4B1 /* SourceSansPro-ExtraLightItalic.ttf */; };
		23EF09DC1AC590F20090F4B1 /* SourceSansPro-Italic.ttf in Resources */ = {isa = PBXBuildFile; fileRef = 23EF09D31AC590F20090F4B1 /* SourceSansPro-Italic.ttf */; };
		23EF09DD1AC590F20090F4B1 /* SourceSansPro-Light.ttf in Resources */ = {isa = PBXBuildFile; fileRef = 23EF09D41AC590F20090F4B1 /* SourceSansPro-Light.ttf */; };
		23EF09DE1AC590F20090F4B1 /* SourceSansPro-LightItalic.ttf in Resources */ = {isa = PBXBuildFile; fileRef = 23EF09D51AC590F20090F4B1 /* SourceSansPro-LightItalic.ttf */; };
		23EF09DF1AC590F20090F4B1 /* SourceSansPro-Regular.ttf in Resources */ = {isa = PBXBuildFile; fileRef = 23EF09D61AC590F20090F4B1 /* SourceSansPro-Regular.ttf */; };
		23EF09E01AC590F20090F4B1 /* SourceSansPro-Semibold.ttf in Resources */ = {isa = PBXBuildFile; fileRef = 23EF09D71AC590F20090F4B1 /* SourceSansPro-Semibold.ttf */; };
		23EF09E11AC590F20090F4B1 /* SourceSansPro-SemiboldItalic.ttf in Resources */ = {isa = PBXBuildFile; fileRef = 23EF09D81AC590F20090F4B1 /* SourceSansPro-SemiboldItalic.ttf */; };
		23EF09E31AC59E3E0090F4B1 /* pin_container_ipad_landscape_bg.png in Resources */ = {isa = PBXBuildFile; fileRef = 23EF09E21AC59E3E0090F4B1 /* pin_container_ipad_landscape_bg.png */; };
		23EF09E51AC5A41B0090F4B1 /* pin-config.json in Resources */ = {isa = PBXBuildFile; fileRef = 23EF09E41AC5A41B0090F4B1 /* pin-config.json */; };
/* End PBXBuildFile section */

/* Begin PBXContainerItemProxy section */
		23043AA01AC453F00068FB52 /* PBXContainerItemProxy */ = {
			isa = PBXContainerItemProxy;
			containerPortal = 23043A7E1AC453F00068FB52 /* Project object */;
			proxyType = 1;
			remoteGlobalIDString = 23043A851AC453F00068FB52;
			remoteInfo = CustomPINEntry;
		};
/* End PBXContainerItemProxy section */

/* Begin PBXFileReference section */
		23043A861AC453F00068FB52 /* CustomPINEntry.app */ = {isa = PBXFileReference; explicitFileType = wrapper.application; includeInIndex = 0; path = CustomPINEntry.app; sourceTree = BUILT_PRODUCTS_DIR; };
		23043A8A1AC453F00068FB52 /* Info.plist */ = {isa = PBXFileReference; lastKnownFileType = text.plist.xml; path = Info.plist; sourceTree = "<group>"; };
		23043A8B1AC453F00068FB52 /* main.m */ = {isa = PBXFileReference; lastKnownFileType = sourcecode.c.objc; path = main.m; sourceTree = "<group>"; };
		23043A8D1AC453F00068FB52 /* AppDelegate.h */ = {isa = PBXFileReference; lastKnownFileType = sourcecode.c.h; path = AppDelegate.h; sourceTree = "<group>"; };
		23043A8E1AC453F00068FB52 /* AppDelegate.m */ = {isa = PBXFileReference; lastKnownFileType = sourcecode.c.objc; path = AppDelegate.m; sourceTree = "<group>"; };
		23043A901AC453F00068FB52 /* ViewController.h */ = {isa = PBXFileReference; lastKnownFileType = sourcecode.c.h; path = ViewController.h; sourceTree = "<group>"; };
		23043A911AC453F00068FB52 /* ViewController.m */ = {isa = PBXFileReference; lastKnownFileType = sourcecode.c.objc; path = ViewController.m; sourceTree = "<group>"; };
		23043A941AC453F00068FB52 /* Base */ = {isa = PBXFileReference; lastKnownFileType = file.storyboard; name = Base; path = Base.lproj/Main.storyboard; sourceTree = "<group>"; };
		23043A961AC453F00068FB52 /* Images.xcassets */ = {isa = PBXFileReference; lastKnownFileType = folder.assetcatalog; path = Images.xcassets; sourceTree = "<group>"; };
		23043A991AC453F00068FB52 /* Base */ = {isa = PBXFileReference; lastKnownFileType = file.xib; name = Base; path = Base.lproj/LaunchScreen.xib; sourceTree = "<group>"; };
		23043A9F1AC453F00068FB52 /* CustomPINEntryTests.xctest */ = {isa = PBXFileReference; explicitFileType = wrapper.cfbundle; includeInIndex = 0; path = CustomPINEntryTests.xctest; sourceTree = BUILT_PRODUCTS_DIR; };
		23043AA41AC453F00068FB52 /* Info.plist */ = {isa = PBXFileReference; lastKnownFileType = text.plist.xml; path = Info.plist; sourceTree = "<group>"; };
		23043AA51AC453F00068FB52 /* CustomPINEntryTests.m */ = {isa = PBXFileReference; lastKnownFileType = sourcecode.c.objc; path = CustomPINEntryTests.m; sourceTree = "<group>"; };
		23043AAF1AC4540E0068FB52 /* PinEntryViewController.h */ = {isa = PBXFileReference; fileEncoding = 4; lastKnownFileType = sourcecode.c.h; path = PinEntryViewController.h; sourceTree = "<group>"; };
		23043AB01AC4540E0068FB52 /* PinEntryViewController.m */ = {isa = PBXFileReference; fileEncoding = 4; lastKnownFileType = sourcecode.c.objc; path = PinEntryViewController.m; sourceTree = "<group>"; };
		23043AB11AC4540E0068FB52 /* PinEntryViewController.xib */ = {isa = PBXFileReference; fileEncoding = 4; lastKnownFileType = file.xib; path = PinEntryViewController.xib; sourceTree = "<group>"; };
		23043AB41AC4541F0068FB52 /* Media.xcassets */ = {isa = PBXFileReference; lastKnownFileType = folder.assetcatalog; path = Media.xcassets; sourceTree = "<group>"; };
		236828361AC937ED0055A6D5 /* pin_key_normal.png */ = {isa = PBXFileReference; lastKnownFileType = image.png; path = pin_key_normal.png; sourceTree = "<group>"; };
		236828381AC93AE10055A6D5 /* pin_key_highlighted.png */ = {isa = PBXFileReference; lastKnownFileType = image.png; path = pin_key_highlighted.png; sourceTree = "<group>"; };
		2368283A1AC93E1B0055A6D5 /* pin_delete_key_normal.png */ = {isa = PBXFileReference; lastKnownFileType = image.png; name = pin_delete_key_normal.png; path = CustomPINEntry/pin_delete_key_normal.png; sourceTree = "<group>"; };
		23EF09CA1AC57C5C0090F4B1 /* PinEntryContainerViewController.h */ = {isa = PBXFileReference; fileEncoding = 4; lastKnownFileType = sourcecode.c.h; path = PinEntryContainerViewController.h; sourceTree = "<group>"; };
		23EF09CB1AC57C5C0090F4B1 /* PinEntryContainerViewController.m */ = {isa = PBXFileReference; fileEncoding = 4; lastKnownFileType = sourcecode.c.objc; lineEnding = 0; path = PinEntryContainerViewController.m; sourceTree = "<group>"; xcLanguageSpecificationIdentifier = xcode.lang.objc; };
		23EF09CD1AC5876C0090F4B1 /* PinEntryContainerViewController.xib */ = {isa = PBXFileReference; fileEncoding = 4; lastKnownFileType = file.xib; path = PinEntryContainerViewController.xib; sourceTree = "<group>"; };
		23EF09D01AC590F20090F4B1 /* OFL.txt */ = {isa = PBXFileReference; fileEncoding = 4; lastKnownFileType = text; path = OFL.txt; sourceTree = "<group>"; };
		23EF09D11AC590F20090F4B1 /* SourceSansPro-ExtraLight.ttf */ = {isa = PBXFileReference; lastKnownFileType = file; path = "SourceSansPro-ExtraLight.ttf"; sourceTree = "<group>"; };
		23EF09D21AC590F20090F4B1 /* SourceSansPro-ExtraLightItalic.ttf */ = {isa = PBXFileReference; lastKnownFileType = file; path = "SourceSansPro-ExtraLightItalic.ttf"; sourceTree = "<group>"; };
		23EF09D31AC590F20090F4B1 /* SourceSansPro-Italic.ttf */ = {isa = PBXFileReference; lastKnownFileType = file; path = "SourceSansPro-Italic.ttf"; sourceTree = "<group>"; };
		23EF09D41AC590F20090F4B1 /* SourceSansPro-Light.ttf */ = {isa = PBXFileReference; lastKnownFileType = file; path = "SourceSansPro-Light.ttf"; sourceTree = "<group>"; };
		23EF09D51AC590F20090F4B1 /* SourceSansPro-LightItalic.ttf */ = {isa = PBXFileReference; lastKnownFileType = file; path = "SourceSansPro-LightItalic.ttf"; sourceTree = "<group>"; };
		23EF09D61AC590F20090F4B1 /* SourceSansPro-Regular.ttf */ = {isa = PBXFileReference; lastKnownFileType = file; path = "SourceSansPro-Regular.ttf"; sourceTree = "<group>"; };
		23EF09D71AC590F20090F4B1 /* SourceSansPro-Semibold.ttf */ = {isa = PBXFileReference; lastKnownFileType = file; path = "SourceSansPro-Semibold.ttf"; sourceTree = "<group>"; };
		23EF09D81AC590F20090F4B1 /* SourceSansPro-SemiboldItalic.ttf */ = {isa = PBXFileReference; fileEncoding = 4; lastKnownFileType = text; path = "SourceSansPro-SemiboldItalic.ttf"; sourceTree = "<group>"; };
		23EF09E21AC59E3E0090F4B1 /* pin_container_ipad_landscape_bg.png */ = {isa = PBXFileReference; lastKnownFileType = image.png; path = pin_container_ipad_landscape_bg.png; sourceTree = "<group>"; };
		23EF09E41AC5A41B0090F4B1 /* pin-config.json */ = {isa = PBXFileReference; fileEncoding = 4; lastKnownFileType = text.json; lineEnding = 0; path = "pin-config.json"; sourceTree = "<group>"; xcLanguageSpecificationIdentifier = xcode.lang.javascript; };
/* End PBXFileReference section */

/* Begin PBXFrameworksBuildPhase section */
		23043A831AC453F00068FB52 /* Frameworks */ = {
			isa = PBXFrameworksBuildPhase;
			buildActionMask = 2147483647;
			files = (
			);
			runOnlyForDeploymentPostprocessing = 0;
		};
		23043A9C1AC453F00068FB52 /* Frameworks */ = {
			isa = PBXFrameworksBuildPhase;
			buildActionMask = 2147483647;
			files = (
			);
			runOnlyForDeploymentPostprocessing = 0;
		};
/* End PBXFrameworksBuildPhase section */

/* Begin PBXGroup section */
		23043A7D1AC453F00068FB52 = {
			isa = PBXGroup;
			children = (
				23EF09E71AC5A5AF0090F4B1 /* Customization */,
				23043A881AC453F00068FB52 /* CustomPINEntry */,
				23043AA21AC453F00068FB52 /* CustomPINEntryTests */,
				23043A871AC453F00068FB52 /* Products */,
			);
			sourceTree = "<group>";
		};
		23043A871AC453F00068FB52 /* Products */ = {
			isa = PBXGroup;
			children = (
				23043A861AC453F00068FB52 /* CustomPINEntry.app */,
				23043A9F1AC453F00068FB52 /* CustomPINEntryTests.xctest */,
			);
			name = Products;
			sourceTree = "<group>";
		};
		23043A881AC453F00068FB52 /* CustomPINEntry */ = {
			isa = PBXGroup;
			children = (
				23043AAF1AC4540E0068FB52 /* PinEntryViewController.h */,
				23043AB01AC4540E0068FB52 /* PinEntryViewController.m */,
				23043AB11AC4540E0068FB52 /* PinEntryViewController.xib */,
				23043A8D1AC453F00068FB52 /* AppDelegate.h */,
				23043A8E1AC453F00068FB52 /* AppDelegate.m */,
				23043A901AC453F00068FB52 /* ViewController.h */,
				23043A911AC453F00068FB52 /* ViewController.m */,
				23043A931AC453F00068FB52 /* Main.storyboard */,
				23043A961AC453F00068FB52 /* Images.xcassets */,
				23043A981AC453F00068FB52 /* LaunchScreen.xib */,
				23043AB41AC4541F0068FB52 /* Media.xcassets */,
				23043A891AC453F00068FB52 /* Supporting Files */,
				23EF09CA1AC57C5C0090F4B1 /* PinEntryContainerViewController.h */,
				23EF09CB1AC57C5C0090F4B1 /* PinEntryContainerViewController.m */,
				23EF09CD1AC5876C0090F4B1 /* PinEntryContainerViewController.xib */,
			);
			path = CustomPINEntry;
			sourceTree = "<group>";
		};
		23043A891AC453F00068FB52 /* Supporting Files */ = {
			isa = PBXGroup;
			children = (
				23043A8A1AC453F00068FB52 /* Info.plist */,
				23043A8B1AC453F00068FB52 /* main.m */,
			);
			name = "Supporting Files";
			sourceTree = "<group>";
		};
		23043AA21AC453F00068FB52 /* CustomPINEntryTests */ = {
			isa = PBXGroup;
			children = (
				23043AA51AC453F00068FB52 /* CustomPINEntryTests.m */,
				23043AA31AC453F00068FB52 /* Supporting Files */,
			);
			path = CustomPINEntryTests;
			sourceTree = "<group>";
		};
		23043AA31AC453F00068FB52 /* Supporting Files */ = {
			isa = PBXGroup;
			children = (
				23043AA41AC453F00068FB52 /* Info.plist */,
			);
			name = "Supporting Files";
			sourceTree = "<group>";
		};
		23EF09CF1AC590DF0090F4B1 /* Fonts */ = {
			isa = PBXGroup;
			children = (
				23EF09D01AC590F20090F4B1 /* OFL.txt */,
				23EF09D11AC590F20090F4B1 /* SourceSansPro-ExtraLight.ttf */,
				23EF09D21AC590F20090F4B1 /* SourceSansPro-ExtraLightItalic.ttf */,
				23EF09D31AC590F20090F4B1 /* SourceSansPro-Italic.ttf */,
				23EF09D41AC590F20090F4B1 /* SourceSansPro-Light.ttf */,
				23EF09D51AC590F20090F4B1 /* SourceSansPro-LightItalic.ttf */,
				23EF09D61AC590F20090F4B1 /* SourceSansPro-Regular.ttf */,
				23EF09D71AC590F20090F4B1 /* SourceSansPro-Semibold.ttf */,
				23EF09D81AC590F20090F4B1 /* SourceSansPro-SemiboldItalic.ttf */,
			);
			name = Fonts;
			path = CustomPINEntry;
			sourceTree = "<group>";
		};
		23EF09E71AC5A5AF0090F4B1 /* Customization */ = {
			isa = PBXGroup;
			children = (
				23EF09CF1AC590DF0090F4B1 /* Fonts */,
				236828381AC93AE10055A6D5 /* pin_key_highlighted.png */,
				236828361AC937ED0055A6D5 /* pin_key_normal.png */,
				2368283A1AC93E1B0055A6D5 /* pin_delete_key_normal.png */,
				23EF09E21AC59E3E0090F4B1 /* pin_container_ipad_landscape_bg.png */,
				23EF09E41AC5A41B0090F4B1 /* pin-config.json */,
			);
			name = Customization;
			sourceTree = "<group>";
		};
/* End PBXGroup section */

/* Begin PBXNativeTarget section */
		23043A851AC453F00068FB52 /* CustomPINEntry */ = {
			isa = PBXNativeTarget;
			buildConfigurationList = 23043AA91AC453F00068FB52 /* Build configuration list for PBXNativeTarget "CustomPINEntry" */;
			buildPhases = (
				23043A821AC453F00068FB52 /* Sources */,
				23043A831AC453F00068FB52 /* Frameworks */,
				23043A841AC453F00068FB52 /* Resources */,
			);
			buildRules = (
			);
			dependencies = (
			);
			name = CustomPINEntry;
			productName = CustomPINEntry;
			productReference = 23043A861AC453F00068FB52 /* CustomPINEntry.app */;
			productType = "com.apple.product-type.application";
		};
		23043A9E1AC453F00068FB52 /* CustomPINEntryTests */ = {
			isa = PBXNativeTarget;
			buildConfigurationList = 23043AAC1AC453F00068FB52 /* Build configuration list for PBXNativeTarget "CustomPINEntryTests" */;
			buildPhases = (
				23043A9B1AC453F00068FB52 /* Sources */,
				23043A9C1AC453F00068FB52 /* Frameworks */,
				23043A9D1AC453F00068FB52 /* Resources */,
			);
			buildRules = (
			);
			dependencies = (
				23043AA11AC453F00068FB52 /* PBXTargetDependency */,
			);
			name = CustomPINEntryTests;
			productName = CustomPINEntryTests;
			productReference = 23043A9F1AC453F00068FB52 /* CustomPINEntryTests.xctest */;
			productType = "com.apple.product-type.bundle.unit-test";
		};
/* End PBXNativeTarget section */

/* Begin PBXProject section */
		23043A7E1AC453F00068FB52 /* Project object */ = {
			isa = PBXProject;
			attributes = {
				LastUpgradeCheck = 0620;
				ORGANIZATIONNAME = Onegini;
				TargetAttributes = {
					23043A851AC453F00068FB52 = {
						CreatedOnToolsVersion = 6.2;
					};
					23043A9E1AC453F00068FB52 = {
						CreatedOnToolsVersion = 6.2;
						TestTargetID = 23043A851AC453F00068FB52;
					};
				};
			};
			buildConfigurationList = 23043A811AC453F00068FB52 /* Build configuration list for PBXProject "CustomPINEntry" */;
			compatibilityVersion = "Xcode 3.2";
			developmentRegion = English;
			hasScannedForEncodings = 0;
			knownRegions = (
				en,
				Base,
			);
			mainGroup = 23043A7D1AC453F00068FB52;
			productRefGroup = 23043A871AC453F00068FB52 /* Products */;
			projectDirPath = "";
			projectRoot = "";
			targets = (
				23043A851AC453F00068FB52 /* CustomPINEntry */,
				23043A9E1AC453F00068FB52 /* CustomPINEntryTests */,
			);
		};
/* End PBXProject section */

/* Begin PBXResourcesBuildPhase section */
		23043A841AC453F00068FB52 /* Resources */ = {
			isa = PBXResourcesBuildPhase;
			buildActionMask = 2147483647;
			files = (
				23EF09DA1AC590F20090F4B1 /* SourceSansPro-ExtraLight.ttf in Resources */,
				23EF09D91AC590F20090F4B1 /* OFL.txt in Resources */,
				23EF09DD1AC590F20090F4B1 /* SourceSansPro-Light.ttf in Resources */,
				23043AB51AC4541F0068FB52 /* Media.xcassets in Resources */,
				23EF09CE1AC5876C0090F4B1 /* PinEntryContainerViewController.xib in Resources */,
				23EF09DC1AC590F20090F4B1 /* SourceSansPro-Italic.ttf in Resources */,
				23EF09E11AC590F20090F4B1 /* SourceSansPro-SemiboldItalic.ttf in Resources */,
				2368283B1AC93E1B0055A6D5 /* pin_delete_key_normal.png in Resources */,
				236828371AC937ED0055A6D5 /* pin_key_normal.png in Resources */,
				23043AB31AC4540E0068FB52 /* PinEntryViewController.xib in Resources */,
				236828391AC93AE10055A6D5 /* pin_key_highlighted.png in Resources */,
				23043A951AC453F00068FB52 /* Main.storyboard in Resources */,
				23EF09E51AC5A41B0090F4B1 /* pin-config.json in Resources */,
				23EF09E31AC59E3E0090F4B1 /* pin_container_ipad_landscape_bg.png in Resources */,
				23EF09DF1AC590F20090F4B1 /* SourceSansPro-Regular.ttf in Resources */,
				23EF09E01AC590F20090F4B1 /* SourceSansPro-Semibold.ttf in Resources */,
				23043A9A1AC453F00068FB52 /* LaunchScreen.xib in Resources */,
				23043A971AC453F00068FB52 /* Images.xcassets in Resources */,
				23EF09DB1AC590F20090F4B1 /* SourceSansPro-ExtraLightItalic.ttf in Resources */,
				23EF09DE1AC590F20090F4B1 /* SourceSansPro-LightItalic.ttf in Resources */,
			);
			runOnlyForDeploymentPostprocessing = 0;
		};
		23043A9D1AC453F00068FB52 /* Resources */ = {
			isa = PBXResourcesBuildPhase;
			buildActionMask = 2147483647;
			files = (
			);
			runOnlyForDeploymentPostprocessing = 0;
		};
/* End PBXResourcesBuildPhase section */

/* Begin PBXSourcesBuildPhase section */
		23043A821AC453F00068FB52 /* Sources */ = {
			isa = PBXSourcesBuildPhase;
			buildActionMask = 2147483647;
			files = (
				23043AB21AC4540E0068FB52 /* PinEntryViewController.m in Sources */,
				23043A921AC453F00068FB52 /* ViewController.m in Sources */,
				23EF09CC1AC57C5C0090F4B1 /* PinEntryContainerViewController.m in Sources */,
				23043A8F1AC453F00068FB52 /* AppDelegate.m in Sources */,
				23043A8C1AC453F00068FB52 /* main.m in Sources */,
			);
			runOnlyForDeploymentPostprocessing = 0;
		};
		23043A9B1AC453F00068FB52 /* Sources */ = {
			isa = PBXSourcesBuildPhase;
			buildActionMask = 2147483647;
			files = (
				23043AA61AC453F00068FB52 /* CustomPINEntryTests.m in Sources */,
			);
			runOnlyForDeploymentPostprocessing = 0;
		};
/* End PBXSourcesBuildPhase section */

/* Begin PBXTargetDependency section */
		23043AA11AC453F00068FB52 /* PBXTargetDependency */ = {
			isa = PBXTargetDependency;
			target = 23043A851AC453F00068FB52 /* CustomPINEntry */;
			targetProxy = 23043AA01AC453F00068FB52 /* PBXContainerItemProxy */;
		};
/* End PBXTargetDependency section */

/* Begin PBXVariantGroup section */
		23043A931AC453F00068FB52 /* Main.storyboard */ = {
			isa = PBXVariantGroup;
			children = (
				23043A941AC453F00068FB52 /* Base */,
			);
			name = Main.storyboard;
			sourceTree = "<group>";
		};
		23043A981AC453F00068FB52 /* LaunchScreen.xib */ = {
			isa = PBXVariantGroup;
			children = (
				23043A991AC453F00068FB52 /* Base */,
			);
			name = LaunchScreen.xib;
			sourceTree = "<group>";
		};
/* End PBXVariantGroup section */

/* Begin XCBuildConfiguration section */
		23043AA71AC453F00068FB52 /* Debug */ = {
			isa = XCBuildConfiguration;
			buildSettings = {
				ALWAYS_SEARCH_USER_PATHS = NO;
				CLANG_CXX_LANGUAGE_STANDARD = "gnu++0x";
				CLANG_CXX_LIBRARY = "libc++";
				CLANG_ENABLE_MODULES = YES;
				CLANG_ENABLE_OBJC_ARC = YES;
				CLANG_WARN_BOOL_CONVERSION = YES;
				CLANG_WARN_CONSTANT_CONVERSION = YES;
				CLANG_WARN_DIRECT_OBJC_ISA_USAGE = YES_ERROR;
				CLANG_WARN_EMPTY_BODY = YES;
				CLANG_WARN_ENUM_CONVERSION = YES;
				CLANG_WARN_INT_CONVERSION = YES;
				CLANG_WARN_OBJC_ROOT_CLASS = YES_ERROR;
				CLANG_WARN_UNREACHABLE_CODE = YES;
				CLANG_WARN__DUPLICATE_METHOD_MATCH = YES;
				"CODE_SIGN_IDENTITY[sdk=iphoneos*]" = "iPhone Developer";
				COPY_PHASE_STRIP = NO;
				ENABLE_STRICT_OBJC_MSGSEND = YES;
				GCC_C_LANGUAGE_STANDARD = gnu99;
				GCC_DYNAMIC_NO_PIC = NO;
				GCC_OPTIMIZATION_LEVEL = 0;
				GCC_PREPROCESSOR_DEFINITIONS = (
					"DEBUG=1",
					"$(inherited)",
				);
				GCC_SYMBOLS_PRIVATE_EXTERN = NO;
				GCC_WARN_64_TO_32_BIT_CONVERSION = YES;
				GCC_WARN_ABOUT_RETURN_TYPE = YES_ERROR;
				GCC_WARN_UNDECLARED_SELECTOR = YES;
				GCC_WARN_UNINITIALIZED_AUTOS = YES_AGGRESSIVE;
				GCC_WARN_UNUSED_FUNCTION = YES;
				GCC_WARN_UNUSED_VARIABLE = YES;
				IPHONEOS_DEPLOYMENT_TARGET = 8.2;
				MTL_ENABLE_DEBUG_INFO = YES;
				ONLY_ACTIVE_ARCH = YES;
				SDKROOT = iphoneos;
				TARGETED_DEVICE_FAMILY = "1,2";
			};
			name = Debug;
		};
		23043AA81AC453F00068FB52 /* Release */ = {
			isa = XCBuildConfiguration;
			buildSettings = {
				ALWAYS_SEARCH_USER_PATHS = NO;
				CLANG_CXX_LANGUAGE_STANDARD = "gnu++0x";
				CLANG_CXX_LIBRARY = "libc++";
				CLANG_ENABLE_MODULES = YES;
				CLANG_ENABLE_OBJC_ARC = YES;
				CLANG_WARN_BOOL_CONVERSION = YES;
				CLANG_WARN_CONSTANT_CONVERSION = YES;
				CLANG_WARN_DIRECT_OBJC_ISA_USAGE = YES_ERROR;
				CLANG_WARN_EMPTY_BODY = YES;
				CLANG_WARN_ENUM_CONVERSION = YES;
				CLANG_WARN_INT_CONVERSION = YES;
				CLANG_WARN_OBJC_ROOT_CLASS = YES_ERROR;
				CLANG_WARN_UNREACHABLE_CODE = YES;
				CLANG_WARN__DUPLICATE_METHOD_MATCH = YES;
				"CODE_SIGN_IDENTITY[sdk=iphoneos*]" = "iPhone Developer";
				COPY_PHASE_STRIP = NO;
				ENABLE_NS_ASSERTIONS = NO;
				ENABLE_STRICT_OBJC_MSGSEND = YES;
				GCC_C_LANGUAGE_STANDARD = gnu99;
				GCC_WARN_64_TO_32_BIT_CONVERSION = YES;
				GCC_WARN_ABOUT_RETURN_TYPE = YES_ERROR;
				GCC_WARN_UNDECLARED_SELECTOR = YES;
				GCC_WARN_UNINITIALIZED_AUTOS = YES_AGGRESSIVE;
				GCC_WARN_UNUSED_FUNCTION = YES;
				GCC_WARN_UNUSED_VARIABLE = YES;
				IPHONEOS_DEPLOYMENT_TARGET = 8.2;
				MTL_ENABLE_DEBUG_INFO = NO;
				SDKROOT = iphoneos;
				TARGETED_DEVICE_FAMILY = "1,2";
				VALIDATE_PRODUCT = YES;
			};
			name = Release;
		};
		23043AAA1AC453F00068FB52 /* Debug */ = {
			isa = XCBuildConfiguration;
			buildSettings = {
				ASSETCATALOG_COMPILER_APPICON_NAME = AppIcon;
				INFOPLIST_FILE = CustomPINEntry/Info.plist;
				LD_RUNPATH_SEARCH_PATHS = "$(inherited) @executable_path/Frameworks";
				PRODUCT_NAME = "$(TARGET_NAME)";
			};
			name = Debug;
		};
		23043AAB1AC453F00068FB52 /* Release */ = {
			isa = XCBuildConfiguration;
			buildSettings = {
				ASSETCATALOG_COMPILER_APPICON_NAME = AppIcon;
				INFOPLIST_FILE = CustomPINEntry/Info.plist;
				LD_RUNPATH_SEARCH_PATHS = "$(inherited) @executable_path/Frameworks";
				PRODUCT_NAME = "$(TARGET_NAME)";
			};
			name = Release;
		};
		23043AAD1AC453F00068FB52 /* Debug */ = {
			isa = XCBuildConfiguration;
			buildSettings = {
				BUNDLE_LOADER = "$(TEST_HOST)";
				FRAMEWORK_SEARCH_PATHS = (
					"$(SDKROOT)/Developer/Library/Frameworks",
					"$(inherited)",
				);
				GCC_PREPROCESSOR_DEFINITIONS = (
					"DEBUG=1",
					"$(inherited)",
				);
				INFOPLIST_FILE = CustomPINEntryTests/Info.plist;
				LD_RUNPATH_SEARCH_PATHS = "$(inherited) @executable_path/Frameworks @loader_path/Frameworks";
				PRODUCT_NAME = "$(TARGET_NAME)";
				TEST_HOST = "$(BUILT_PRODUCTS_DIR)/CustomPINEntry.app/CustomPINEntry";
			};
			name = Debug;
		};
		23043AAE1AC453F00068FB52 /* Release */ = {
			isa = XCBuildConfiguration;
			buildSettings = {
				BUNDLE_LOADER = "$(TEST_HOST)";
				FRAMEWORK_SEARCH_PATHS = (
					"$(SDKROOT)/Developer/Library/Frameworks",
					"$(inherited)",
				);
				INFOPLIST_FILE = CustomPINEntryTests/Info.plist;
				LD_RUNPATH_SEARCH_PATHS = "$(inherited) @executable_path/Frameworks @loader_path/Frameworks";
				PRODUCT_NAME = "$(TARGET_NAME)";
				TEST_HOST = "$(BUILT_PRODUCTS_DIR)/CustomPINEntry.app/CustomPINEntry";
			};
			name = Release;
		};
/* End XCBuildConfiguration section */

/* Begin XCConfigurationList section */
		23043A811AC453F00068FB52 /* Build configuration list for PBXProject "CustomPINEntry" */ = {
			isa = XCConfigurationList;
			buildConfigurations = (
				23043AA71AC453F00068FB52 /* Debug */,
				23043AA81AC453F00068FB52 /* Release */,
			);
			defaultConfigurationIsVisible = 0;
			defaultConfigurationName = Release;
		};
		23043AA91AC453F00068FB52 /* Build configuration list for PBXNativeTarget "CustomPINEntry" */ = {
			isa = XCConfigurationList;
			buildConfigurations = (
				23043AAA1AC453F00068FB52 /* Debug */,
				23043AAB1AC453F00068FB52 /* Release */,
			);
			defaultConfigurationIsVisible = 0;
			defaultConfigurationName = Release;
		};
		23043AAC1AC453F00068FB52 /* Build configuration list for PBXNativeTarget "CustomPINEntryTests" */ = {
			isa = XCConfigurationList;
			buildConfigurations = (
				23043AAD1AC453F00068FB52 /* Debug */,
				23043AAE1AC453F00068FB52 /* Release */,
			);
			defaultConfigurationIsVisible = 0;
			defaultConfigurationName = Release;
		};
/* End XCConfigurationList section */
	};
	rootObject = 23043A7E1AC453F00068FB52 /* Project object */;
}
