// !$*UTF8*$!
{
	archiveVersion = 1;
	classes = {
	};
	objectVersion = 46;
	objects = {

/* Begin PBXBuildFile section */
		5C8A03A81CDE78B1007ADA14 /* OneginiSDKiOS-4.08.04-Release-fat-binary.a in Frameworks */ = {isa = PBXBuildFile; fileRef = 5C8A03A71CDE78B1007ADA14 /* OneginiSDKiOS-4.08.04-Release-fat-binary.a */; };
		5C8A03AD1CDE90AE007ADA14 /* WelcomeViewController.xib in Resources */ = {isa = PBXBuildFile; fileRef = 5C8A03AC1CDE90AE007ADA14 /* WelcomeViewController.xib */; };
		5C8A03AF1CDE9354007ADA14 /* LaunchScreen.xib in Resources */ = {isa = PBXBuildFile; fileRef = 5C8A03AE1CDE9354007ADA14 /* LaunchScreen.xib */; };
		5C8A03B31CDFA7C2007ADA14 /* WebBrowserViewController.m in Sources */ = {isa = PBXBuildFile; fileRef = 5C8A03B11CDFA7C2007ADA14 /* WebBrowserViewController.m */; };
		5C8A03B41CDFA7C2007ADA14 /* WebBrowserViewController.xib in Resources */ = {isa = PBXBuildFile; fileRef = 5C8A03B21CDFA7C2007ADA14 /* WebBrowserViewController.xib */; };
		5C8A03BE1CDFB36F007ADA14 /* PinViewController.m in Sources */ = {isa = PBXBuildFile; fileRef = 5C8A03BC1CDFB36F007ADA14 /* PinViewController.m */; };
		5C8A03BF1CDFB36F007ADA14 /* PinViewController.xib in Resources */ = {isa = PBXBuildFile; fileRef = 5C8A03BD1CDFB36F007ADA14 /* PinViewController.xib */; };
		5C8A03C61CDFEFE1007ADA14 /* LogoutController.m in Sources */ = {isa = PBXBuildFile; fileRef = 5C8A03C51CDFEFE1007ADA14 /* LogoutController.m */; };
		5C8A03C91CDFF178007ADA14 /* DisconnectController.m in Sources */ = {isa = PBXBuildFile; fileRef = 5C8A03C81CDFF178007ADA14 /* DisconnectController.m */; };
		C502CAA91CDB62B600FB18E7 /* ProfileViewController.m in Sources */ = {isa = PBXBuildFile; fileRef = C502CAA71CDB62B600FB18E7 /* ProfileViewController.m */; };
		C502CAAA1CDB62B600FB18E7 /* ProfileViewController.xib in Resources */ = {isa = PBXBuildFile; fileRef = C502CAA81CDB62B600FB18E7 /* ProfileViewController.xib */; };
		C541398B1CD9D3010033DBA8 /* WelcomeViewController.m in Sources */ = {isa = PBXBuildFile; fileRef = C541398A1CD9D3010033DBA8 /* WelcomeViewController.m */; };
		C54139C71CD9F8CA0033DBA8 /* COMODORSADomainValidationSecureServerCA.cer in Resources */ = {isa = PBXBuildFile; fileRef = C54139C21CD9F8CA0033DBA8 /* COMODORSADomainValidationSecureServerCA.cer */; };
		C54139C81CD9F8CA0033DBA8 /* COMODORSADomainValidationSecureServerCA.pem in Resources */ = {isa = PBXBuildFile; fileRef = C54139C31CD9F8CA0033DBA8 /* COMODORSADomainValidationSecureServerCA.pem */; };
		C54139C91CD9F8CA0033DBA8 /* OGConfiguration.plist in Resources */ = {isa = PBXBuildFile; fileRef = C54139C41CD9F8CA0033DBA8 /* OGConfiguration.plist */; };
		C572A2DC1CD893C400B137DC /* main.m in Sources */ = {isa = PBXBuildFile; fileRef = C572A2DB1CD893C400B137DC /* main.m */; };
		C572A2DF1CD893C400B137DC /* AppDelegate.m in Sources */ = {isa = PBXBuildFile; fileRef = C572A2DE1CD893C400B137DC /* AppDelegate.m */; };
		C572A2E71CD893C400B137DC /* Assets.xcassets in Resources */ = {isa = PBXBuildFile; fileRef = C572A2E61CD893C400B137DC /* Assets.xcassets */; };
		C5A29A661CDCA55900E6B1D4 /* AuthorizationController.m in Sources */ = {isa = PBXBuildFile; fileRef = C5A29A611CDCA55900E6B1D4 /* AuthorizationController.m */; };
		C5A29A671CDCA55900E6B1D4 /* OneginiClientBuilder.m in Sources */ = {isa = PBXBuildFile; fileRef = C5A29A631CDCA55900E6B1D4 /* OneginiClientBuilder.m */; };
		C5A29A741CDCE78A00E6B1D4 /* ResourceController.m in Sources */ = {isa = PBXBuildFile; fileRef = C5A29A731CDCE78A00E6B1D4 /* ResourceController.m */; };
		C5A29A781CDCE78F00E6B1D4 /* Profile.m in Sources */ = {isa = PBXBuildFile; fileRef = C5A29A771CDCE78F00E6B1D4 /* Profile.m */; };
		C5BAAEC81CDA462800801205 /* SecurityController.m in Sources */ = {isa = PBXBuildFile; fileRef = C5BAAEC71CDA462800801205 /* SecurityController.m */; };
		C5FE9E3A1CD8ACE000142A20 /* bundles.txt in Resources */ = {isa = PBXBuildFile; fileRef = C5FE9E061CD8ACE000142A20 /* bundles.txt */; };
		C5FE9E3B1CD8ACE000142A20 /* README.TXT in Resources */ = {isa = PBXBuildFile; fileRef = C5FE9E071CD8ACE000142A20 /* README.TXT */; };
		C5FE9E911CD8C0D200142A20 /* Security.framework in Frameworks */ = {isa = PBXBuildFile; fileRef = C5FE9E901CD8C0D200142A20 /* Security.framework */; };
		C5FE9E931CD8C0D800142A20 /* SystemConfiguration.framework in Frameworks */ = {isa = PBXBuildFile; fileRef = C5FE9E921CD8C0D800142A20 /* SystemConfiguration.framework */; };
		C5FE9E951CD8C0DE00142A20 /* MobileCoreServices.framework in Frameworks */ = {isa = PBXBuildFile; fileRef = C5FE9E941CD8C0DE00142A20 /* MobileCoreServices.framework */; };
		C5FE9E971CD8C0F300142A20 /* libiconv.tbd in Frameworks */ = {isa = PBXBuildFile; fileRef = C5FE9E961CD8C0F300142A20 /* libiconv.tbd */; };
		C5FE9E991CD8C10000142A20 /* libc++.tbd in Frameworks */ = {isa = PBXBuildFile; fileRef = C5FE9E981CD8C10000142A20 /* libc++.tbd */; };
/* End PBXBuildFile section */

/* Begin PBXFileReference section */
		5C8A03A71CDE78B1007ADA14 /* OneginiSDKiOS-4.08.04-Release-fat-binary.a */ = {isa = PBXFileReference; lastKnownFileType = archive.ar; path = "OneginiSDKiOS-4.08.04-Release-fat-binary.a"; sourceTree = "<group>"; };
		5C8A03AC1CDE90AE007ADA14 /* WelcomeViewController.xib */ = {isa = PBXFileReference; fileEncoding = 4; lastKnownFileType = file.xib; path = WelcomeViewController.xib; sourceTree = "<group>"; };
		5C8A03AE1CDE9354007ADA14 /* LaunchScreen.xib */ = {isa = PBXFileReference; fileEncoding = 4; lastKnownFileType = file.xib; name = LaunchScreen.xib; path = ../LaunchScreen.xib; sourceTree = "<group>"; };
		5C8A03B01CDFA7C2007ADA14 /* WebBrowserViewController.h */ = {isa = PBXFileReference; fileEncoding = 4; lastKnownFileType = sourcecode.c.h; path = WebBrowserViewController.h; sourceTree = "<group>"; };
		5C8A03B11CDFA7C2007ADA14 /* WebBrowserViewController.m */ = {isa = PBXFileReference; fileEncoding = 4; lastKnownFileType = sourcecode.c.objc; path = WebBrowserViewController.m; sourceTree = "<group>"; };
		5C8A03B21CDFA7C2007ADA14 /* WebBrowserViewController.xib */ = {isa = PBXFileReference; fileEncoding = 4; lastKnownFileType = file.xib; path = WebBrowserViewController.xib; sourceTree = "<group>"; };
		5C8A03BB1CDFB36F007ADA14 /* PinViewController.h */ = {isa = PBXFileReference; fileEncoding = 4; lastKnownFileType = sourcecode.c.h; path = PinViewController.h; sourceTree = "<group>"; };
		5C8A03BC1CDFB36F007ADA14 /* PinViewController.m */ = {isa = PBXFileReference; fileEncoding = 4; lastKnownFileType = sourcecode.c.objc; path = PinViewController.m; sourceTree = "<group>"; };
		5C8A03BD1CDFB36F007ADA14 /* PinViewController.xib */ = {isa = PBXFileReference; fileEncoding = 4; lastKnownFileType = file.xib; path = PinViewController.xib; sourceTree = "<group>"; };
		5C8A03C41CDFEFE1007ADA14 /* LogoutController.h */ = {isa = PBXFileReference; fileEncoding = 4; lastKnownFileType = sourcecode.c.h; path = LogoutController.h; sourceTree = "<group>"; };
		5C8A03C51CDFEFE1007ADA14 /* LogoutController.m */ = {isa = PBXFileReference; fileEncoding = 4; lastKnownFileType = sourcecode.c.objc; path = LogoutController.m; sourceTree = "<group>"; };
		5C8A03C71CDFF178007ADA14 /* DisconnectController.h */ = {isa = PBXFileReference; fileEncoding = 4; lastKnownFileType = sourcecode.c.h; path = DisconnectController.h; sourceTree = "<group>"; };
		5C8A03C81CDFF178007ADA14 /* DisconnectController.m */ = {isa = PBXFileReference; fileEncoding = 4; lastKnownFileType = sourcecode.c.objc; path = DisconnectController.m; sourceTree = "<group>"; };
		C502CAA61CDB62B600FB18E7 /* ProfileViewController.h */ = {isa = PBXFileReference; fileEncoding = 4; lastKnownFileType = sourcecode.c.h; path = ProfileViewController.h; sourceTree = "<group>"; };
		C502CAA71CDB62B600FB18E7 /* ProfileViewController.m */ = {isa = PBXFileReference; fileEncoding = 4; lastKnownFileType = sourcecode.c.objc; path = ProfileViewController.m; sourceTree = "<group>"; };
		C502CAA81CDB62B600FB18E7 /* ProfileViewController.xib */ = {isa = PBXFileReference; fileEncoding = 4; lastKnownFileType = file.xib; path = ProfileViewController.xib; sourceTree = "<group>"; };
		C54139891CD9D3010033DBA8 /* WelcomeViewController.h */ = {isa = PBXFileReference; fileEncoding = 4; lastKnownFileType = sourcecode.c.h; path = WelcomeViewController.h; sourceTree = "<group>"; };
		C541398A1CD9D3010033DBA8 /* WelcomeViewController.m */ = {isa = PBXFileReference; fileEncoding = 4; lastKnownFileType = sourcecode.c.objc; path = WelcomeViewController.m; sourceTree = "<group>"; };
		C54139C21CD9F8CA0033DBA8 /* COMODORSADomainValidationSecureServerCA.cer */ = {isa = PBXFileReference; lastKnownFileType = file; path = COMODORSADomainValidationSecureServerCA.cer; sourceTree = "<group>"; };
		C54139C31CD9F8CA0033DBA8 /* COMODORSADomainValidationSecureServerCA.pem */ = {isa = PBXFileReference; fileEncoding = 4; lastKnownFileType = text; path = COMODORSADomainValidationSecureServerCA.pem; sourceTree = "<group>"; };
		C54139C41CD9F8CA0033DBA8 /* OGConfiguration.plist */ = {isa = PBXFileReference; fileEncoding = 4; lastKnownFileType = text.plist.xml; path = OGConfiguration.plist; sourceTree = "<group>"; };
		C572A2D71CD893C400B137DC /* OneginiDemoApp.app */ = {isa = PBXFileReference; explicitFileType = wrapper.application; includeInIndex = 0; path = OneginiDemoApp.app; sourceTree = BUILT_PRODUCTS_DIR; };
		C572A2DB1CD893C400B137DC /* main.m */ = {isa = PBXFileReference; lastKnownFileType = sourcecode.c.objc; path = main.m; sourceTree = "<group>"; };
		C572A2DD1CD893C400B137DC /* AppDelegate.h */ = {isa = PBXFileReference; lastKnownFileType = sourcecode.c.h; path = AppDelegate.h; sourceTree = "<group>"; };
		C572A2DE1CD893C400B137DC /* AppDelegate.m */ = {isa = PBXFileReference; lastKnownFileType = sourcecode.c.objc; path = AppDelegate.m; sourceTree = "<group>"; };
		C572A2E61CD893C400B137DC /* Assets.xcassets */ = {isa = PBXFileReference; lastKnownFileType = folder.assetcatalog; path = Assets.xcassets; sourceTree = "<group>"; };
		C572A2EB1CD893C400B137DC /* Info.plist */ = {isa = PBXFileReference; lastKnownFileType = text.plist.xml; path = Info.plist; sourceTree = "<group>"; };
		C5A29A601CDCA55900E6B1D4 /* AuthorizationController.h */ = {isa = PBXFileReference; fileEncoding = 4; lastKnownFileType = sourcecode.c.h; path = AuthorizationController.h; sourceTree = "<group>"; };
		C5A29A611CDCA55900E6B1D4 /* AuthorizationController.m */ = {isa = PBXFileReference; fileEncoding = 4; lastKnownFileType = sourcecode.c.objc; path = AuthorizationController.m; sourceTree = "<group>"; };
		C5A29A621CDCA55900E6B1D4 /* OneginiClientBuilder.h */ = {isa = PBXFileReference; fileEncoding = 4; lastKnownFileType = sourcecode.c.h; name = OneginiClientBuilder.h; path = ../Services/OneginiClientBuilder.h; sourceTree = "<group>"; };
		C5A29A631CDCA55900E6B1D4 /* OneginiClientBuilder.m */ = {isa = PBXFileReference; fileEncoding = 4; lastKnownFileType = sourcecode.c.objc; name = OneginiClientBuilder.m; path = ../Services/OneginiClientBuilder.m; sourceTree = "<group>"; };
		C5A29A721CDCE78A00E6B1D4 /* ResourceController.h */ = {isa = PBXFileReference; fileEncoding = 4; lastKnownFileType = sourcecode.c.h; path = ResourceController.h; sourceTree = "<group>"; };
		C5A29A731CDCE78A00E6B1D4 /* ResourceController.m */ = {isa = PBXFileReference; fileEncoding = 4; lastKnownFileType = sourcecode.c.objc; path = ResourceController.m; sourceTree = "<group>"; };
		C5A29A761CDCE78F00E6B1D4 /* Profile.h */ = {isa = PBXFileReference; fileEncoding = 4; lastKnownFileType = sourcecode.c.h; path = Profile.h; sourceTree = "<group>"; };
		C5A29A771CDCE78F00E6B1D4 /* Profile.m */ = {isa = PBXFileReference; fileEncoding = 4; lastKnownFileType = sourcecode.c.objc; path = Profile.m; sourceTree = "<group>"; };
		C5BAAEC61CDA462800801205 /* SecurityController.h */ = {isa = PBXFileReference; fileEncoding = 4; lastKnownFileType = sourcecode.c.h; path = SecurityController.h; sourceTree = "<group>"; };
		C5BAAEC71CDA462800801205 /* SecurityController.m */ = {isa = PBXFileReference; fileEncoding = 4; lastKnownFileType = sourcecode.c.objc; path = SecurityController.m; sourceTree = "<group>"; };
		C5FE9E061CD8ACE000142A20 /* bundles.txt */ = {isa = PBXFileReference; fileEncoding = 4; lastKnownFileType = text; path = bundles.txt; sourceTree = "<group>"; };
		C5FE9E071CD8ACE000142A20 /* README.TXT */ = {isa = PBXFileReference; fileEncoding = 4; lastKnownFileType = text; path = README.TXT; sourceTree = "<group>"; };
		C5FE9E0C1CD8ACE000142A20 /* OGAuthorizationDelegate.h */ = {isa = PBXFileReference; fileEncoding = 4; lastKnownFileType = sourcecode.c.h; path = OGAuthorizationDelegate.h; sourceTree = "<group>"; };
		C5FE9E0D1CD8ACE000142A20 /* OGChangePinDelegate.h */ = {isa = PBXFileReference; fileEncoding = 4; lastKnownFileType = sourcecode.c.h; path = OGChangePinDelegate.h; sourceTree = "<group>"; };
		C5FE9E0E1CD8ACE000142A20 /* OGConfigModel.h */ = {isa = PBXFileReference; fileEncoding = 4; lastKnownFileType = sourcecode.c.h; path = OGConfigModel.h; sourceTree = "<group>"; };
		C5FE9E0F1CD8ACE000142A20 /* OGCustomizationDelegate.h */ = {isa = PBXFileReference; fileEncoding = 4; lastKnownFileType = sourcecode.c.h; path = OGCustomizationDelegate.h; sourceTree = "<group>"; };
		C5FE9E101CD8ACE000142A20 /* OGDisconnectDelegate.h */ = {isa = PBXFileReference; fileEncoding = 4; lastKnownFileType = sourcecode.c.h; path = OGDisconnectDelegate.h; sourceTree = "<group>"; };
		C5FE9E111CD8ACE000142A20 /* OGEnrollmentHandlerDelegate.h */ = {isa = PBXFileReference; fileEncoding = 4; lastKnownFileType = sourcecode.c.h; path = OGEnrollmentHandlerDelegate.h; sourceTree = "<group>"; };
		C5FE9E121CD8ACE000142A20 /* OGFingerprintDelegate.h */ = {isa = PBXFileReference; fileEncoding = 4; lastKnownFileType = sourcecode.c.h; path = OGFingerprintDelegate.h; sourceTree = "<group>"; };
		C5FE9E131CD8ACE000142A20 /* OGLogoutDelegate.h */ = {isa = PBXFileReference; fileEncoding = 4; lastKnownFileType = sourcecode.c.h; path = OGLogoutDelegate.h; sourceTree = "<group>"; };
		C5FE9E141CD8ACE000142A20 /* OGOneginiClient.h */ = {isa = PBXFileReference; fileEncoding = 4; lastKnownFileType = sourcecode.c.h; path = OGOneginiClient.h; sourceTree = "<group>"; };
		C5FE9E151CD8ACE000142A20 /* OGPinValidationDelegate.h */ = {isa = PBXFileReference; fileEncoding = 4; lastKnownFileType = sourcecode.c.h; path = OGPinValidationDelegate.h; sourceTree = "<group>"; };
		C5FE9E161CD8ACE000142A20 /* OGPublicCommons.h */ = {isa = PBXFileReference; fileEncoding = 4; lastKnownFileType = sourcecode.c.h; path = OGPublicCommons.h; sourceTree = "<group>"; };
		C5FE9E171CD8ACE000142A20 /* OGResourceHandlerDelegate.h */ = {isa = PBXFileReference; fileEncoding = 4; lastKnownFileType = sourcecode.c.h; path = OGResourceHandlerDelegate.h; sourceTree = "<group>"; };
		C5FE9E181CD8ACE000142A20 /* OneginiSDK.h */ = {isa = PBXFileReference; fileEncoding = 4; lastKnownFileType = sourcecode.c.h; path = OneginiSDK.h; sourceTree = "<group>"; };
		C5FE9E1C1CD8ACE000142A20 /* OGAuthorizationDelegate.h */ = {isa = PBXFileReference; fileEncoding = 4; lastKnownFileType = sourcecode.c.h; path = OGAuthorizationDelegate.h; sourceTree = "<group>"; };
		C5FE9E1D1CD8ACE000142A20 /* OGChangePinDelegate.h */ = {isa = PBXFileReference; fileEncoding = 4; lastKnownFileType = sourcecode.c.h; path = OGChangePinDelegate.h; sourceTree = "<group>"; };
		C5FE9E1E1CD8ACE000142A20 /* OGConfigModel.h */ = {isa = PBXFileReference; fileEncoding = 4; lastKnownFileType = sourcecode.c.h; path = OGConfigModel.h; sourceTree = "<group>"; };
		C5FE9E1F1CD8ACE000142A20 /* OGCustomizationDelegate.h */ = {isa = PBXFileReference; fileEncoding = 4; lastKnownFileType = sourcecode.c.h; path = OGCustomizationDelegate.h; sourceTree = "<group>"; };
		C5FE9E201CD8ACE000142A20 /* OGDisconnectDelegate.h */ = {isa = PBXFileReference; fileEncoding = 4; lastKnownFileType = sourcecode.c.h; path = OGDisconnectDelegate.h; sourceTree = "<group>"; };
		C5FE9E211CD8ACE000142A20 /* OGEnrollmentHandlerDelegate.h */ = {isa = PBXFileReference; fileEncoding = 4; lastKnownFileType = sourcecode.c.h; path = OGEnrollmentHandlerDelegate.h; sourceTree = "<group>"; };
		C5FE9E221CD8ACE000142A20 /* OGFingerprintDelegate.h */ = {isa = PBXFileReference; fileEncoding = 4; lastKnownFileType = sourcecode.c.h; path = OGFingerprintDelegate.h; sourceTree = "<group>"; };
		C5FE9E231CD8ACE000142A20 /* OGLogoutDelegate.h */ = {isa = PBXFileReference; fileEncoding = 4; lastKnownFileType = sourcecode.c.h; path = OGLogoutDelegate.h; sourceTree = "<group>"; };
		C5FE9E241CD8ACE000142A20 /* OGOneginiClient.h */ = {isa = PBXFileReference; fileEncoding = 4; lastKnownFileType = sourcecode.c.h; path = OGOneginiClient.h; sourceTree = "<group>"; };
		C5FE9E251CD8ACE000142A20 /* OGPinValidationDelegate.h */ = {isa = PBXFileReference; fileEncoding = 4; lastKnownFileType = sourcecode.c.h; path = OGPinValidationDelegate.h; sourceTree = "<group>"; };
		C5FE9E261CD8ACE000142A20 /* OGPublicCommons.h */ = {isa = PBXFileReference; fileEncoding = 4; lastKnownFileType = sourcecode.c.h; path = OGPublicCommons.h; sourceTree = "<group>"; };
		C5FE9E271CD8ACE000142A20 /* OGResourceHandlerDelegate.h */ = {isa = PBXFileReference; fileEncoding = 4; lastKnownFileType = sourcecode.c.h; path = OGResourceHandlerDelegate.h; sourceTree = "<group>"; };
		C5FE9E281CD8ACE000142A20 /* OneginiSDK.h */ = {isa = PBXFileReference; fileEncoding = 4; lastKnownFileType = sourcecode.c.h; path = OneginiSDK.h; sourceTree = "<group>"; };
		C5FE9E391CD8ACE000142A20 /* libOneginiSDKiOS.a */ = {isa = PBXFileReference; lastKnownFileType = archive.ar; path = libOneginiSDKiOS.a; sourceTree = "<group>"; };
		C5FE9E901CD8C0D200142A20 /* Security.framework */ = {isa = PBXFileReference; lastKnownFileType = wrapper.framework; name = Security.framework; path = System/Library/Frameworks/Security.framework; sourceTree = SDKROOT; };
		C5FE9E921CD8C0D800142A20 /* SystemConfiguration.framework */ = {isa = PBXFileReference; lastKnownFileType = wrapper.framework; name = SystemConfiguration.framework; path = System/Library/Frameworks/SystemConfiguration.framework; sourceTree = SDKROOT; };
		C5FE9E941CD8C0DE00142A20 /* MobileCoreServices.framework */ = {isa = PBXFileReference; lastKnownFileType = wrapper.framework; name = MobileCoreServices.framework; path = System/Library/Frameworks/MobileCoreServices.framework; sourceTree = SDKROOT; };
		C5FE9E961CD8C0F300142A20 /* libiconv.tbd */ = {isa = PBXFileReference; lastKnownFileType = "sourcecode.text-based-dylib-definition"; name = libiconv.tbd; path = usr/lib/libiconv.tbd; sourceTree = SDKROOT; };
		C5FE9E981CD8C10000142A20 /* libc++.tbd */ = {isa = PBXFileReference; lastKnownFileType = "sourcecode.text-based-dylib-definition"; name = "libc++.tbd"; path = "usr/lib/libc++.tbd"; sourceTree = SDKROOT; };
		C5FE9E9E1CD8C19500142A20 /* OGAuthorizationDelegate.h */ = {isa = PBXFileReference; fileEncoding = 4; lastKnownFileType = sourcecode.c.h; path = OGAuthorizationDelegate.h; sourceTree = "<group>"; };
		C5FE9E9F1CD8C19500142A20 /* OGChangePinDelegate.h */ = {isa = PBXFileReference; fileEncoding = 4; lastKnownFileType = sourcecode.c.h; path = OGChangePinDelegate.h; sourceTree = "<group>"; };
		C5FE9EA01CD8C19500142A20 /* OGConfigModel.h */ = {isa = PBXFileReference; fileEncoding = 4; lastKnownFileType = sourcecode.c.h; path = OGConfigModel.h; sourceTree = "<group>"; };
		C5FE9EA11CD8C19500142A20 /* OGCustomizationDelegate.h */ = {isa = PBXFileReference; fileEncoding = 4; lastKnownFileType = sourcecode.c.h; path = OGCustomizationDelegate.h; sourceTree = "<group>"; };
		C5FE9EA21CD8C19500142A20 /* OGDisconnectDelegate.h */ = {isa = PBXFileReference; fileEncoding = 4; lastKnownFileType = sourcecode.c.h; path = OGDisconnectDelegate.h; sourceTree = "<group>"; };
		C5FE9EA31CD8C19500142A20 /* OGEnrollmentHandlerDelegate.h */ = {isa = PBXFileReference; fileEncoding = 4; lastKnownFileType = sourcecode.c.h; path = OGEnrollmentHandlerDelegate.h; sourceTree = "<group>"; };
		C5FE9EA41CD8C19500142A20 /* OGFingerprintDelegate.h */ = {isa = PBXFileReference; fileEncoding = 4; lastKnownFileType = sourcecode.c.h; path = OGFingerprintDelegate.h; sourceTree = "<group>"; };
		C5FE9EA51CD8C19500142A20 /* OGLogoutDelegate.h */ = {isa = PBXFileReference; fileEncoding = 4; lastKnownFileType = sourcecode.c.h; path = OGLogoutDelegate.h; sourceTree = "<group>"; };
		C5FE9EA61CD8C19500142A20 /* OGOneginiClient.h */ = {isa = PBXFileReference; fileEncoding = 4; lastKnownFileType = sourcecode.c.h; path = OGOneginiClient.h; sourceTree = "<group>"; };
		C5FE9EA71CD8C19500142A20 /* OGPinValidationDelegate.h */ = {isa = PBXFileReference; fileEncoding = 4; lastKnownFileType = sourcecode.c.h; path = OGPinValidationDelegate.h; sourceTree = "<group>"; };
		C5FE9EA81CD8C19500142A20 /* OGPublicCommons.h */ = {isa = PBXFileReference; fileEncoding = 4; lastKnownFileType = sourcecode.c.h; path = OGPublicCommons.h; sourceTree = "<group>"; };
		C5FE9EA91CD8C19500142A20 /* OGResourceHandlerDelegate.h */ = {isa = PBXFileReference; fileEncoding = 4; lastKnownFileType = sourcecode.c.h; path = OGResourceHandlerDelegate.h; sourceTree = "<group>"; };
		C5FE9EAA1CD8C19500142A20 /* OneginiSDK.h */ = {isa = PBXFileReference; fileEncoding = 4; lastKnownFileType = sourcecode.c.h; path = OneginiSDK.h; sourceTree = "<group>"; };
		C5FE9EAE1CD8C19500142A20 /* OGAuthorizationDelegate.h */ = {isa = PBXFileReference; fileEncoding = 4; lastKnownFileType = sourcecode.c.h; path = OGAuthorizationDelegate.h; sourceTree = "<group>"; };
		C5FE9EAF1CD8C19500142A20 /* OGChangePinDelegate.h */ = {isa = PBXFileReference; fileEncoding = 4; lastKnownFileType = sourcecode.c.h; path = OGChangePinDelegate.h; sourceTree = "<group>"; };
		C5FE9EB01CD8C19500142A20 /* OGConfigModel.h */ = {isa = PBXFileReference; fileEncoding = 4; lastKnownFileType = sourcecode.c.h; path = OGConfigModel.h; sourceTree = "<group>"; };
		C5FE9EB11CD8C19500142A20 /* OGCustomizationDelegate.h */ = {isa = PBXFileReference; fileEncoding = 4; lastKnownFileType = sourcecode.c.h; path = OGCustomizationDelegate.h; sourceTree = "<group>"; };
		C5FE9EB21CD8C19500142A20 /* OGDisconnectDelegate.h */ = {isa = PBXFileReference; fileEncoding = 4; lastKnownFileType = sourcecode.c.h; path = OGDisconnectDelegate.h; sourceTree = "<group>"; };
		C5FE9EB31CD8C19500142A20 /* OGEnrollmentHandlerDelegate.h */ = {isa = PBXFileReference; fileEncoding = 4; lastKnownFileType = sourcecode.c.h; path = OGEnrollmentHandlerDelegate.h; sourceTree = "<group>"; };
		C5FE9EB41CD8C19500142A20 /* OGFingerprintDelegate.h */ = {isa = PBXFileReference; fileEncoding = 4; lastKnownFileType = sourcecode.c.h; path = OGFingerprintDelegate.h; sourceTree = "<group>"; };
		C5FE9EB51CD8C19500142A20 /* OGLogoutDelegate.h */ = {isa = PBXFileReference; fileEncoding = 4; lastKnownFileType = sourcecode.c.h; path = OGLogoutDelegate.h; sourceTree = "<group>"; };
		C5FE9EB61CD8C19500142A20 /* OGOneginiClient.h */ = {isa = PBXFileReference; fileEncoding = 4; lastKnownFileType = sourcecode.c.h; path = OGOneginiClient.h; sourceTree = "<group>"; };
		C5FE9EB71CD8C19500142A20 /* OGPinValidationDelegate.h */ = {isa = PBXFileReference; fileEncoding = 4; lastKnownFileType = sourcecode.c.h; path = OGPinValidationDelegate.h; sourceTree = "<group>"; };
		C5FE9EB81CD8C19500142A20 /* OGPublicCommons.h */ = {isa = PBXFileReference; fileEncoding = 4; lastKnownFileType = sourcecode.c.h; path = OGPublicCommons.h; sourceTree = "<group>"; };
		C5FE9EB91CD8C19500142A20 /* OGResourceHandlerDelegate.h */ = {isa = PBXFileReference; fileEncoding = 4; lastKnownFileType = sourcecode.c.h; path = OGResourceHandlerDelegate.h; sourceTree = "<group>"; };
		C5FE9EBA1CD8C19500142A20 /* OneginiSDK.h */ = {isa = PBXFileReference; fileEncoding = 4; lastKnownFileType = sourcecode.c.h; path = OneginiSDK.h; sourceTree = "<group>"; };
		C5FE9EBF1CD8C19500142A20 /* libOneginiSDKiOS.a */ = {isa = PBXFileReference; lastKnownFileType = archive.ar; path = libOneginiSDKiOS.a; sourceTree = "<group>"; };
		C5FE9EC31CD8C19500142A20 /* libOneginiSDKiOS.a */ = {isa = PBXFileReference; lastKnownFileType = archive.ar; path = libOneginiSDKiOS.a; sourceTree = "<group>"; };
/* End PBXFileReference section */

/* Begin PBXFrameworksBuildPhase section */
		C572A2D41CD893C400B137DC /* Frameworks */ = {
			isa = PBXFrameworksBuildPhase;
			buildActionMask = 2147483647;
			files = (
				5C8A03A81CDE78B1007ADA14 /* OneginiSDKiOS-4.08.04-Release-fat-binary.a in Frameworks */,
				C5FE9E991CD8C10000142A20 /* libc++.tbd in Frameworks */,
				C5FE9E971CD8C0F300142A20 /* libiconv.tbd in Frameworks */,
				C5FE9E951CD8C0DE00142A20 /* MobileCoreServices.framework in Frameworks */,
				C5FE9E931CD8C0D800142A20 /* SystemConfiguration.framework in Frameworks */,
				C5FE9E911CD8C0D200142A20 /* Security.framework in Frameworks */,
			);
			runOnlyForDeploymentPostprocessing = 0;
		};
/* End PBXFrameworksBuildPhase section */

/* Begin PBXGroup section */
		C531DF7F1CD8FE5400C4BBF2 /* Frameworks */ = {
			isa = PBXGroup;
			children = (
				5C8A03A71CDE78B1007ADA14 /* OneginiSDKiOS-4.08.04-Release-fat-binary.a */,
				C531DF801CD8FE6400C4BBF2 /* OneginiSDK */,
				C5FE9E981CD8C10000142A20 /* libc++.tbd */,
				C5FE9E961CD8C0F300142A20 /* libiconv.tbd */,
				C5FE9E941CD8C0DE00142A20 /* MobileCoreServices.framework */,
				C5FE9E921CD8C0D800142A20 /* SystemConfiguration.framework */,
				C5FE9E901CD8C0D200142A20 /* Security.framework */,
			);
			name = Frameworks;
			sourceTree = "<group>";
		};
		C531DF801CD8FE6400C4BBF2 /* OneginiSDK */ = {
			isa = PBXGroup;
			children = (
				C5FE9E9A1CD8C19500142A20 /* headers */,
				C5FE9EBB1CD8C19500142A20 /* libs */,
				C5FE9E011CD8ACE000142A20 /* target */,
			);
			name = OneginiSDK;
			path = OneginiDemoApp;
			sourceTree = "<group>";
		};
		C54139881CD9D3010033DBA8 /* ViewControllers */ = {
			isa = PBXGroup;
			children = (
				5C8A03AE1CDE9354007ADA14 /* LaunchScreen.xib */,
				C54139891CD9D3010033DBA8 /* WelcomeViewController.h */,
				C541398A1CD9D3010033DBA8 /* WelcomeViewController.m */,
				5C8A03AC1CDE90AE007ADA14 /* WelcomeViewController.xib */,
				5C8A03BB1CDFB36F007ADA14 /* PinViewController.h */,
				5C8A03BC1CDFB36F007ADA14 /* PinViewController.m */,
				5C8A03BD1CDFB36F007ADA14 /* PinViewController.xib */,
				C502CAA61CDB62B600FB18E7 /* ProfileViewController.h */,
				C502CAA71CDB62B600FB18E7 /* ProfileViewController.m */,
				C502CAA81CDB62B600FB18E7 /* ProfileViewController.xib */,
				5C8A03B01CDFA7C2007ADA14 /* WebBrowserViewController.h */,
				5C8A03B11CDFA7C2007ADA14 /* WebBrowserViewController.m */,
				5C8A03B21CDFA7C2007ADA14 /* WebBrowserViewController.xib */,
			);
			path = ViewControllers;
			sourceTree = "<group>";
		};
		C54139C11CD9F8CA0033DBA8 /* Configuration */ = {
			isa = PBXGroup;
			children = (
				C5A29A621CDCA55900E6B1D4 /* OneginiClientBuilder.h */,
				C5A29A631CDCA55900E6B1D4 /* OneginiClientBuilder.m */,
				C54139C21CD9F8CA0033DBA8 /* COMODORSADomainValidationSecureServerCA.cer */,
				C54139C31CD9F8CA0033DBA8 /* COMODORSADomainValidationSecureServerCA.pem */,
				C54139C41CD9F8CA0033DBA8 /* OGConfiguration.plist */,
				C5BAAEC61CDA462800801205 /* SecurityController.h */,
				C5BAAEC71CDA462800801205 /* SecurityController.m */,
			);
			path = Configuration;
			sourceTree = "<group>";
		};
		C572A2CE1CD893C400B137DC = {
			isa = PBXGroup;
			children = (
				C572A2D91CD893C400B137DC /* OneginiDemoApp */,
				C572A2DA1CD893C400B137DC /* Supporting Files */,
				C572A2D81CD893C400B137DC /* Products */,
				C531DF7F1CD8FE5400C4BBF2 /* Frameworks */,
			);
			sourceTree = "<group>";
		};
		C572A2D81CD893C400B137DC /* Products */ = {
			isa = PBXGroup;
			children = (
				C572A2D71CD893C400B137DC /* OneginiDemoApp.app */,
			);
			name = Products;
			sourceTree = "<group>";
		};
		C572A2D91CD893C400B137DC /* OneginiDemoApp */ = {
			isa = PBXGroup;
			children = (
				C54139C11CD9F8CA0033DBA8 /* Configuration */,
				C5A29A751CDCE78F00E6B1D4 /* Models */,
				C5A29A5F1CDCA55900E6B1D4 /* Controllers */,
				C54139881CD9D3010033DBA8 /* ViewControllers */,
				C572A2DD1CD893C400B137DC /* AppDelegate.h */,
				C572A2DE1CD893C400B137DC /* AppDelegate.m */,
				C572A2E61CD893C400B137DC /* Assets.xcassets */,
			);
			path = OneginiDemoApp;
			sourceTree = "<group>";
		};
		C572A2DA1CD893C400B137DC /* Supporting Files */ = {
			isa = PBXGroup;
			children = (
				C572A2EB1CD893C400B137DC /* Info.plist */,
				C572A2DB1CD893C400B137DC /* main.m */,
			);
			name = "Supporting Files";
			path = OneginiDemoApp;
			sourceTree = "<group>";
		};
		C5A29A5F1CDCA55900E6B1D4 /* Controllers */ = {
			isa = PBXGroup;
			children = (
				C5A29A601CDCA55900E6B1D4 /* AuthorizationController.h */,
				C5A29A611CDCA55900E6B1D4 /* AuthorizationController.m */,
				C5A29A721CDCE78A00E6B1D4 /* ResourceController.h */,
				C5A29A731CDCE78A00E6B1D4 /* ResourceController.m */,
				5C8A03C41CDFEFE1007ADA14 /* LogoutController.h */,
				5C8A03C51CDFEFE1007ADA14 /* LogoutController.m */,
				5C8A03C71CDFF178007ADA14 /* DisconnectController.h */,
				5C8A03C81CDFF178007ADA14 /* DisconnectController.m */,
			);
			name = Controllers;
			path = Services;
			sourceTree = "<group>";
		};
		C5A29A751CDCE78F00E6B1D4 /* Models */ = {
			isa = PBXGroup;
			children = (
				C5A29A761CDCE78F00E6B1D4 /* Profile.h */,
				C5A29A771CDCE78F00E6B1D4 /* Profile.m */,
			);
			path = Models;
			sourceTree = "<group>";
		};
		C5FE9E011CD8ACE000142A20 /* target */ = {
			isa = PBXGroup;
			children = (
				C5FE9E021CD8ACE000142A20 /* bundles */,
				C5FE9E031CD8ACE000142A20 /* extractedPrimaryArtifacts */,
				C5FE9E081CD8ACE000142A20 /* headers */,
				C5FE9E291CD8ACE000142A20 /* libs */,
				C5FE9E321CD8ACE000142A20 /* main.artifact */,
				C5FE9E331CD8ACE000142A20 /* xcode-deps */,
			);
			name = target;
			path = ../target;
			sourceTree = "<group>";
		};
		C5FE9E021CD8ACE000142A20 /* bundles */ = {
			isa = PBXGroup;
			children = (
			);
			path = bundles;
			sourceTree = "<group>";
		};
		C5FE9E031CD8ACE000142A20 /* extractedPrimaryArtifacts */ = {
			isa = PBXGroup;
			children = (
				C5FE9E041CD8ACE000142A20 /* com.onegini.mobile.sdk.ios */,
			);
			path = extractedPrimaryArtifacts;
			sourceTree = "<group>";
		};
		C5FE9E041CD8ACE000142A20 /* com.onegini.mobile.sdk.ios */ = {
			isa = PBXGroup;
			children = (
				C5FE9E051CD8ACE000142A20 /* OneginiSDKiOS */,
			);
			path = com.onegini.mobile.sdk.ios;
			sourceTree = "<group>";
		};
		C5FE9E051CD8ACE000142A20 /* OneginiSDKiOS */ = {
			isa = PBXGroup;
			children = (
				C5FE9E061CD8ACE000142A20 /* bundles.txt */,
				C5FE9E071CD8ACE000142A20 /* README.TXT */,
			);
			path = OneginiSDKiOS;
			sourceTree = "<group>";
		};
		C5FE9E081CD8ACE000142A20 /* headers */ = {
			isa = PBXGroup;
			children = (
				C5FE9E091CD8ACE000142A20 /* Release-iphoneos */,
				C5FE9E191CD8ACE000142A20 /* Release-iphonesimulator */,
			);
			path = headers;
			sourceTree = "<group>";
		};
		C5FE9E091CD8ACE000142A20 /* Release-iphoneos */ = {
			isa = PBXGroup;
			children = (
				C5FE9E0A1CD8ACE000142A20 /* com.onegini.mobile.sdk.ios */,
			);
			path = "Release-iphoneos";
			sourceTree = "<group>";
		};
		C5FE9E0A1CD8ACE000142A20 /* com.onegini.mobile.sdk.ios */ = {
			isa = PBXGroup;
			children = (
				C5FE9E0B1CD8ACE000142A20 /* OneginiSDKiOS */,
			);
			path = com.onegini.mobile.sdk.ios;
			sourceTree = "<group>";
		};
		C5FE9E0B1CD8ACE000142A20 /* OneginiSDKiOS */ = {
			isa = PBXGroup;
			children = (
				C5FE9E0C1CD8ACE000142A20 /* OGAuthorizationDelegate.h */,
				C5FE9E0D1CD8ACE000142A20 /* OGChangePinDelegate.h */,
				C5FE9E0E1CD8ACE000142A20 /* OGConfigModel.h */,
				C5FE9E0F1CD8ACE000142A20 /* OGCustomizationDelegate.h */,
				C5FE9E101CD8ACE000142A20 /* OGDisconnectDelegate.h */,
				C5FE9E111CD8ACE000142A20 /* OGEnrollmentHandlerDelegate.h */,
				C5FE9E121CD8ACE000142A20 /* OGFingerprintDelegate.h */,
				C5FE9E131CD8ACE000142A20 /* OGLogoutDelegate.h */,
				C5FE9E141CD8ACE000142A20 /* OGOneginiClient.h */,
				C5FE9E151CD8ACE000142A20 /* OGPinValidationDelegate.h */,
				C5FE9E161CD8ACE000142A20 /* OGPublicCommons.h */,
				C5FE9E171CD8ACE000142A20 /* OGResourceHandlerDelegate.h */,
				C5FE9E181CD8ACE000142A20 /* OneginiSDK.h */,
			);
			path = OneginiSDKiOS;
			sourceTree = "<group>";
		};
		C5FE9E191CD8ACE000142A20 /* Release-iphonesimulator */ = {
			isa = PBXGroup;
			children = (
				C5FE9E1A1CD8ACE000142A20 /* com.onegini.mobile.sdk.ios */,
			);
			path = "Release-iphonesimulator";
			sourceTree = "<group>";
		};
		C5FE9E1A1CD8ACE000142A20 /* com.onegini.mobile.sdk.ios */ = {
			isa = PBXGroup;
			children = (
				C5FE9E1B1CD8ACE000142A20 /* OneginiSDKiOS */,
			);
			path = com.onegini.mobile.sdk.ios;
			sourceTree = "<group>";
		};
		C5FE9E1B1CD8ACE000142A20 /* OneginiSDKiOS */ = {
			isa = PBXGroup;
			children = (
				C5FE9E1C1CD8ACE000142A20 /* OGAuthorizationDelegate.h */,
				C5FE9E1D1CD8ACE000142A20 /* OGChangePinDelegate.h */,
				C5FE9E1E1CD8ACE000142A20 /* OGConfigModel.h */,
				C5FE9E1F1CD8ACE000142A20 /* OGCustomizationDelegate.h */,
				C5FE9E201CD8ACE000142A20 /* OGDisconnectDelegate.h */,
				C5FE9E211CD8ACE000142A20 /* OGEnrollmentHandlerDelegate.h */,
				C5FE9E221CD8ACE000142A20 /* OGFingerprintDelegate.h */,
				C5FE9E231CD8ACE000142A20 /* OGLogoutDelegate.h */,
				C5FE9E241CD8ACE000142A20 /* OGOneginiClient.h */,
				C5FE9E251CD8ACE000142A20 /* OGPinValidationDelegate.h */,
				C5FE9E261CD8ACE000142A20 /* OGPublicCommons.h */,
				C5FE9E271CD8ACE000142A20 /* OGResourceHandlerDelegate.h */,
				C5FE9E281CD8ACE000142A20 /* OneginiSDK.h */,
			);
			path = OneginiSDKiOS;
			sourceTree = "<group>";
		};
		C5FE9E291CD8ACE000142A20 /* libs */ = {
			isa = PBXGroup;
			children = (
				C5FE9E2A1CD8ACE000142A20 /* Release-iphoneos */,
				C5FE9E2E1CD8ACE000142A20 /* Release-iphonesimulator */,
			);
			path = libs;
			sourceTree = "<group>";
		};
		C5FE9E2A1CD8ACE000142A20 /* Release-iphoneos */ = {
			isa = PBXGroup;
			children = (
				C5FE9E2B1CD8ACE000142A20 /* com.onegini.mobile.sdk.ios */,
			);
			path = "Release-iphoneos";
			sourceTree = "<group>";
		};
		C5FE9E2B1CD8ACE000142A20 /* com.onegini.mobile.sdk.ios */ = {
			isa = PBXGroup;
			children = (
				C5FE9E2C1CD8ACE000142A20 /* OneginiSDKiOS */,
			);
			path = com.onegini.mobile.sdk.ios;
			sourceTree = "<group>";
		};
		C5FE9E2C1CD8ACE000142A20 /* OneginiSDKiOS */ = {
			isa = PBXGroup;
			children = (
			);
			path = OneginiSDKiOS;
			sourceTree = "<group>";
		};
		C5FE9E2E1CD8ACE000142A20 /* Release-iphonesimulator */ = {
			isa = PBXGroup;
			children = (
				C5FE9E2F1CD8ACE000142A20 /* com.onegini.mobile.sdk.ios */,
			);
			path = "Release-iphonesimulator";
			sourceTree = "<group>";
		};
		C5FE9E2F1CD8ACE000142A20 /* com.onegini.mobile.sdk.ios */ = {
			isa = PBXGroup;
			children = (
				C5FE9E301CD8ACE000142A20 /* OneginiSDKiOS */,
			);
			path = com.onegini.mobile.sdk.ios;
			sourceTree = "<group>";
		};
		C5FE9E301CD8ACE000142A20 /* OneginiSDKiOS */ = {
			isa = PBXGroup;
			children = (
			);
			path = OneginiSDKiOS;
			sourceTree = "<group>";
		};
		C5FE9E321CD8ACE000142A20 /* main.artifact */ = {
			isa = PBXGroup;
			children = (
			);
			path = main.artifact;
			sourceTree = "<group>";
		};
		C5FE9E331CD8ACE000142A20 /* xcode-deps */ = {
			isa = PBXGroup;
			children = (
				C5FE9E341CD8ACE000142A20 /* frameworks */,
				C5FE9E351CD8ACE000142A20 /* libs */,
			);
			path = "xcode-deps";
			sourceTree = "<group>";
		};
		C5FE9E341CD8ACE000142A20 /* frameworks */ = {
			isa = PBXGroup;
			children = (
			);
			path = frameworks;
			sourceTree = "<group>";
		};
		C5FE9E351CD8ACE000142A20 /* libs */ = {
			isa = PBXGroup;
			children = (
				C5FE9E361CD8ACE000142A20 /* Release */,
			);
			path = libs;
			sourceTree = "<group>";
		};
		C5FE9E361CD8ACE000142A20 /* Release */ = {
			isa = PBXGroup;
			children = (
				C5FE9E371CD8ACE000142A20 /* com.onegini.mobile.sdk.ios */,
			);
			path = Release;
			sourceTree = "<group>";
		};
		C5FE9E371CD8ACE000142A20 /* com.onegini.mobile.sdk.ios */ = {
			isa = PBXGroup;
			children = (
				C5FE9E381CD8ACE000142A20 /* OneginiSDKiOS */,
			);
			path = com.onegini.mobile.sdk.ios;
			sourceTree = "<group>";
		};
		C5FE9E381CD8ACE000142A20 /* OneginiSDKiOS */ = {
			isa = PBXGroup;
			children = (
				C5FE9E391CD8ACE000142A20 /* libOneginiSDKiOS.a */,
			);
			path = OneginiSDKiOS;
			sourceTree = "<group>";
		};
		C5FE9E9A1CD8C19500142A20 /* headers */ = {
			isa = PBXGroup;
			children = (
				C5FE9E9B1CD8C19500142A20 /* Release-iphoneos */,
				C5FE9EAB1CD8C19500142A20 /* Release-iphonesimulator */,
			);
			name = headers;
			path = target/headers;
			sourceTree = SOURCE_ROOT;
		};
		C5FE9E9B1CD8C19500142A20 /* Release-iphoneos */ = {
			isa = PBXGroup;
			children = (
				C5FE9E9C1CD8C19500142A20 /* com.onegini.mobile.sdk.ios */,
			);
			path = "Release-iphoneos";
			sourceTree = "<group>";
		};
		C5FE9E9C1CD8C19500142A20 /* com.onegini.mobile.sdk.ios */ = {
			isa = PBXGroup;
			children = (
				C5FE9E9D1CD8C19500142A20 /* OneginiSDKiOS */,
			);
			path = com.onegini.mobile.sdk.ios;
			sourceTree = "<group>";
		};
		C5FE9E9D1CD8C19500142A20 /* OneginiSDKiOS */ = {
			isa = PBXGroup;
			children = (
				C5FE9E9E1CD8C19500142A20 /* OGAuthorizationDelegate.h */,
				C5FE9E9F1CD8C19500142A20 /* OGChangePinDelegate.h */,
				C5FE9EA01CD8C19500142A20 /* OGConfigModel.h */,
				C5FE9EA11CD8C19500142A20 /* OGCustomizationDelegate.h */,
				C5FE9EA21CD8C19500142A20 /* OGDisconnectDelegate.h */,
				C5FE9EA31CD8C19500142A20 /* OGEnrollmentHandlerDelegate.h */,
				C5FE9EA41CD8C19500142A20 /* OGFingerprintDelegate.h */,
				C5FE9EA51CD8C19500142A20 /* OGLogoutDelegate.h */,
				C5FE9EA61CD8C19500142A20 /* OGOneginiClient.h */,
				C5FE9EA71CD8C19500142A20 /* OGPinValidationDelegate.h */,
				C5FE9EA81CD8C19500142A20 /* OGPublicCommons.h */,
				C5FE9EA91CD8C19500142A20 /* OGResourceHandlerDelegate.h */,
				C5FE9EAA1CD8C19500142A20 /* OneginiSDK.h */,
			);
			path = OneginiSDKiOS;
			sourceTree = "<group>";
		};
		C5FE9EAB1CD8C19500142A20 /* Release-iphonesimulator */ = {
			isa = PBXGroup;
			children = (
				C5FE9EAC1CD8C19500142A20 /* com.onegini.mobile.sdk.ios */,
			);
			path = "Release-iphonesimulator";
			sourceTree = "<group>";
		};
		C5FE9EAC1CD8C19500142A20 /* com.onegini.mobile.sdk.ios */ = {
			isa = PBXGroup;
			children = (
				C5FE9EAD1CD8C19500142A20 /* OneginiSDKiOS */,
			);
			path = com.onegini.mobile.sdk.ios;
			sourceTree = "<group>";
		};
		C5FE9EAD1CD8C19500142A20 /* OneginiSDKiOS */ = {
			isa = PBXGroup;
			children = (
				C5FE9EAE1CD8C19500142A20 /* OGAuthorizationDelegate.h */,
				C5FE9EAF1CD8C19500142A20 /* OGChangePinDelegate.h */,
				C5FE9EB01CD8C19500142A20 /* OGConfigModel.h */,
				C5FE9EB11CD8C19500142A20 /* OGCustomizationDelegate.h */,
				C5FE9EB21CD8C19500142A20 /* OGDisconnectDelegate.h */,
				C5FE9EB31CD8C19500142A20 /* OGEnrollmentHandlerDelegate.h */,
				C5FE9EB41CD8C19500142A20 /* OGFingerprintDelegate.h */,
				C5FE9EB51CD8C19500142A20 /* OGLogoutDelegate.h */,
				C5FE9EB61CD8C19500142A20 /* OGOneginiClient.h */,
				C5FE9EB71CD8C19500142A20 /* OGPinValidationDelegate.h */,
				C5FE9EB81CD8C19500142A20 /* OGPublicCommons.h */,
				C5FE9EB91CD8C19500142A20 /* OGResourceHandlerDelegate.h */,
				C5FE9EBA1CD8C19500142A20 /* OneginiSDK.h */,
			);
			path = OneginiSDKiOS;
			sourceTree = "<group>";
		};
		C5FE9EBB1CD8C19500142A20 /* libs */ = {
			isa = PBXGroup;
			children = (
				C5FE9EBC1CD8C19500142A20 /* Release-iphoneos */,
				C5FE9EC01CD8C19500142A20 /* Release-iphonesimulator */,
			);
			name = libs;
			path = target/libs;
			sourceTree = SOURCE_ROOT;
		};
		C5FE9EBC1CD8C19500142A20 /* Release-iphoneos */ = {
			isa = PBXGroup;
			children = (
				C5FE9EBD1CD8C19500142A20 /* com.onegini.mobile.sdk.ios */,
			);
			path = "Release-iphoneos";
			sourceTree = "<group>";
		};
		C5FE9EBD1CD8C19500142A20 /* com.onegini.mobile.sdk.ios */ = {
			isa = PBXGroup;
			children = (
				C5FE9EBE1CD8C19500142A20 /* OneginiSDKiOS */,
			);
			path = com.onegini.mobile.sdk.ios;
			sourceTree = "<group>";
		};
		C5FE9EBE1CD8C19500142A20 /* OneginiSDKiOS */ = {
			isa = PBXGroup;
			children = (
				C5FE9EBF1CD8C19500142A20 /* libOneginiSDKiOS.a */,
			);
			path = OneginiSDKiOS;
			sourceTree = "<group>";
		};
		C5FE9EC01CD8C19500142A20 /* Release-iphonesimulator */ = {
			isa = PBXGroup;
			children = (
				C5FE9EC11CD8C19500142A20 /* com.onegini.mobile.sdk.ios */,
			);
			path = "Release-iphonesimulator";
			sourceTree = "<group>";
		};
		C5FE9EC11CD8C19500142A20 /* com.onegini.mobile.sdk.ios */ = {
			isa = PBXGroup;
			children = (
				C5FE9EC21CD8C19500142A20 /* OneginiSDKiOS */,
			);
			path = com.onegini.mobile.sdk.ios;
			sourceTree = "<group>";
		};
		C5FE9EC21CD8C19500142A20 /* OneginiSDKiOS */ = {
			isa = PBXGroup;
			children = (
				C5FE9EC31CD8C19500142A20 /* libOneginiSDKiOS.a */,
			);
			path = OneginiSDKiOS;
			sourceTree = "<group>";
		};
/* End PBXGroup section */

/* Begin PBXNativeTarget section */
		C572A2D61CD893C400B137DC /* OneginiDemoApp */ = {
			isa = PBXNativeTarget;
			buildConfigurationList = C572A2EE1CD893C400B137DC /* Build configuration list for PBXNativeTarget "OneginiDemoApp" */;
			buildPhases = (
				C572A2D31CD893C400B137DC /* Sources */,
				C572A2D51CD893C400B137DC /* Resources */,
				C572A2D41CD893C400B137DC /* Frameworks */,
			);
			buildRules = (
			);
			dependencies = (
			);
			name = OneginiDemoApp;
			productName = OneginiDemoApp;
			productReference = C572A2D71CD893C400B137DC /* OneginiDemoApp.app */;
			productType = "com.apple.product-type.application";
		};
/* End PBXNativeTarget section */

/* Begin PBXProject section */
		C572A2CF1CD893C400B137DC /* Project object */ = {
			isa = PBXProject;
			attributes = {
				CLASSPREFIX = "";
				LastUpgradeCheck = 0730;
				ORGANIZATIONNAME = Onegini;
				TargetAttributes = {
					C572A2D61CD893C400B137DC = {
						CreatedOnToolsVersion = 7.3;
					};
				};
			};
			buildConfigurationList = C572A2D21CD893C400B137DC /* Build configuration list for PBXProject "OneginiDemoApp" */;
			compatibilityVersion = "Xcode 3.2";
			developmentRegion = English;
			hasScannedForEncodings = 0;
			knownRegions = (
				en,
				Base,
			);
			mainGroup = C572A2CE1CD893C400B137DC;
			productRefGroup = C572A2D81CD893C400B137DC /* Products */;
			projectDirPath = "";
			projectRoot = "";
			targets = (
				C572A2D61CD893C400B137DC /* OneginiDemoApp */,
			);
		};
/* End PBXProject section */

/* Begin PBXResourcesBuildPhase section */
		C572A2D51CD893C400B137DC /* Resources */ = {
			isa = PBXResourcesBuildPhase;
			buildActionMask = 2147483647;
			files = (
				5C8A03AF1CDE9354007ADA14 /* LaunchScreen.xib in Resources */,
				C572A2E71CD893C400B137DC /* Assets.xcassets in Resources */,
				C5FE9E3A1CD8ACE000142A20 /* bundles.txt in Resources */,
				C502CAAA1CDB62B600FB18E7 /* ProfileViewController.xib in Resources */,
				5C8A03AD1CDE90AE007ADA14 /* WelcomeViewController.xib in Resources */,
				5C8A03B41CDFA7C2007ADA14 /* WebBrowserViewController.xib in Resources */,
				C54139C71CD9F8CA0033DBA8 /* COMODORSADomainValidationSecureServerCA.cer in Resources */,
				5C8A03BF1CDFB36F007ADA14 /* PinViewController.xib in Resources */,
				C5FE9E3B1CD8ACE000142A20 /* README.TXT in Resources */,
				C54139C81CD9F8CA0033DBA8 /* COMODORSADomainValidationSecureServerCA.pem in Resources */,
				C54139C91CD9F8CA0033DBA8 /* OGConfiguration.plist in Resources */,
			);
			runOnlyForDeploymentPostprocessing = 0;
		};
/* End PBXResourcesBuildPhase section */

/* Begin PBXSourcesBuildPhase section */
		C572A2D31CD893C400B137DC /* Sources */ = {
			isa = PBXSourcesBuildPhase;
			buildActionMask = 2147483647;
			files = (
				C5BAAEC81CDA462800801205 /* SecurityController.m in Sources */,
				5C8A03C91CDFF178007ADA14 /* DisconnectController.m in Sources */,
				C5A29A741CDCE78A00E6B1D4 /* ResourceController.m in Sources */,
				C572A2DF1CD893C400B137DC /* AppDelegate.m in Sources */,
				5C8A03BE1CDFB36F007ADA14 /* PinViewController.m in Sources */,
				5C8A03C61CDFEFE1007ADA14 /* LogoutController.m in Sources */,
				C5A29A781CDCE78F00E6B1D4 /* Profile.m in Sources */,
				5C8A03B31CDFA7C2007ADA14 /* WebBrowserViewController.m in Sources */,
				C5A29A661CDCA55900E6B1D4 /* AuthorizationController.m in Sources */,
				C5A29A671CDCA55900E6B1D4 /* OneginiClientBuilder.m in Sources */,
				C502CAA91CDB62B600FB18E7 /* ProfileViewController.m in Sources */,
				C572A2DC1CD893C400B137DC /* main.m in Sources */,
				C541398B1CD9D3010033DBA8 /* WelcomeViewController.m in Sources */,
			);
			runOnlyForDeploymentPostprocessing = 0;
		};
/* End PBXSourcesBuildPhase section */

/* Begin XCBuildConfiguration section */
		C572A2EC1CD893C400B137DC /* Debug */ = {
			isa = XCBuildConfiguration;
			buildSettings = {
				ALWAYS_SEARCH_USER_PATHS = NO;
				CLANG_ANALYZER_NONNULL = YES;
				CLANG_CXX_LANGUAGE_STANDARD = "gnu++0x";
				CLANG_CXX_LIBRARY = "libc++";
				CLANG_ENABLE_MODULES = YES;
				CLANG_ENABLE_OBJC_ARC = YES;
				CLANG_WARN_BOOL_CONVERSION = YES;
				CLANG_WARN_CONSTANT_CONVERSION = YES;
				CLANG_WARN_DIRECT_OBJC_ISA_USAGE = YES_ERROR;
				CLANG_WARN_EMPTY_BODY = YES;
				CLANG_WARN_ENUM_CONVERSION = YES;
				CLANG_WARN_INT_CONVERSION = YES;
				CLANG_WARN_OBJC_ROOT_CLASS = YES_ERROR;
				CLANG_WARN_UNREACHABLE_CODE = YES;
				CLANG_WARN__DUPLICATE_METHOD_MATCH = YES;
				"CODE_SIGN_IDENTITY[sdk=iphoneos*]" = "iPhone Developer";
				COPY_PHASE_STRIP = NO;
				DEBUG_INFORMATION_FORMAT = dwarf;
				ENABLE_STRICT_OBJC_MSGSEND = YES;
				ENABLE_TESTABILITY = YES;
				GCC_C_LANGUAGE_STANDARD = gnu99;
				GCC_DYNAMIC_NO_PIC = NO;
				GCC_NO_COMMON_BLOCKS = YES;
				GCC_OPTIMIZATION_LEVEL = 0;
				GCC_PREPROCESSOR_DEFINITIONS = (
					"DEBUG=1",
					"$(inherited)",
				);
				GCC_WARN_64_TO_32_BIT_CONVERSION = YES;
				GCC_WARN_ABOUT_RETURN_TYPE = YES_ERROR;
				GCC_WARN_UNDECLARED_SELECTOR = YES;
				GCC_WARN_UNINITIALIZED_AUTOS = YES_AGGRESSIVE;
				GCC_WARN_UNUSED_FUNCTION = YES;
				GCC_WARN_UNUSED_VARIABLE = YES;
				IPHONEOS_DEPLOYMENT_TARGET = 9.0;
				MTL_ENABLE_DEBUG_INFO = YES;
				ONLY_ACTIVE_ARCH = YES;
				SDKROOT = iphoneos;
			};
			name = Debug;
		};
		C572A2ED1CD893C400B137DC /* Release */ = {
			isa = XCBuildConfiguration;
			buildSettings = {
				ALWAYS_SEARCH_USER_PATHS = NO;
				CLANG_ANALYZER_NONNULL = YES;
				CLANG_CXX_LANGUAGE_STANDARD = "gnu++0x";
				CLANG_CXX_LIBRARY = "libc++";
				CLANG_ENABLE_MODULES = YES;
				CLANG_ENABLE_OBJC_ARC = YES;
				CLANG_WARN_BOOL_CONVERSION = YES;
				CLANG_WARN_CONSTANT_CONVERSION = YES;
				CLANG_WARN_DIRECT_OBJC_ISA_USAGE = YES_ERROR;
				CLANG_WARN_EMPTY_BODY = YES;
				CLANG_WARN_ENUM_CONVERSION = YES;
				CLANG_WARN_INT_CONVERSION = YES;
				CLANG_WARN_OBJC_ROOT_CLASS = YES_ERROR;
				CLANG_WARN_UNREACHABLE_CODE = YES;
				CLANG_WARN__DUPLICATE_METHOD_MATCH = YES;
				"CODE_SIGN_IDENTITY[sdk=iphoneos*]" = "iPhone Developer";
				COPY_PHASE_STRIP = NO;
				DEBUG_INFORMATION_FORMAT = "dwarf-with-dsym";
				ENABLE_NS_ASSERTIONS = NO;
				ENABLE_STRICT_OBJC_MSGSEND = YES;
				GCC_C_LANGUAGE_STANDARD = gnu99;
				GCC_NO_COMMON_BLOCKS = YES;
				GCC_WARN_64_TO_32_BIT_CONVERSION = YES;
				GCC_WARN_ABOUT_RETURN_TYPE = YES_ERROR;
				GCC_WARN_UNDECLARED_SELECTOR = YES;
				GCC_WARN_UNINITIALIZED_AUTOS = YES_AGGRESSIVE;
				GCC_WARN_UNUSED_FUNCTION = YES;
				GCC_WARN_UNUSED_VARIABLE = YES;
				IPHONEOS_DEPLOYMENT_TARGET = 9.0;
				MTL_ENABLE_DEBUG_INFO = NO;
				SDKROOT = iphoneos;
				VALIDATE_PRODUCT = YES;
			};
			name = Release;
		};
		C572A2EF1CD893C400B137DC /* Debug */ = {
			isa = XCBuildConfiguration;
			buildSettings = {
				ASSETCATALOG_COMPILER_APPICON_NAME = AppIcon;
				CLANG_CXX_LANGUAGE_STANDARD = "c++0x";
				ENABLE_BITCODE = NO;
				GCC_C_LANGUAGE_STANDARD = c11;
				INFOPLIST_FILE = OneginiDemoApp/Info.plist;
				IPHONEOS_DEPLOYMENT_TARGET = 9.0;
				LD_RUNPATH_SEARCH_PATHS = "$(inherited) @executable_path/Frameworks";
				LIBRARY_SEARCH_PATHS = (
					"$(inherited)",
					"$(PROJECT_DIR)/target/libs/Release-iphoneos/com.onegini.mobile.sdk.ios/OneginiSDKiOS",
					"$(PROJECT_DIR)/target/libs/Release-iphonesimulator/com.onegini.mobile.sdk.ios/OneginiSDKiOS",
					"$(PROJECT_DIR)/target/xcode-deps/libs/Release/com.onegini.mobile.sdk.ios/OneginiSDKiOS",
					"$(PROJECT_DIR)",
				);
				OTHER_LDFLAGS = "-ObjC";
				PRODUCT_BUNDLE_IDENTIFIER = com.onegini.OneginiDemoApp;
				PRODUCT_NAME = "$(TARGET_NAME)";
			};
			name = Debug;
		};
		C572A2F01CD893C400B137DC /* Release */ = {
			isa = XCBuildConfiguration;
			buildSettings = {
				ASSETCATALOG_COMPILER_APPICON_NAME = AppIcon;
				CLANG_CXX_LANGUAGE_STANDARD = "c++0x";
				ENABLE_BITCODE = NO;
				GCC_C_LANGUAGE_STANDARD = c11;
				INFOPLIST_FILE = OneginiDemoApp/Info.plist;
				IPHONEOS_DEPLOYMENT_TARGET = 9.0;
				LD_RUNPATH_SEARCH_PATHS = "$(inherited) @executable_path/Frameworks";
				LIBRARY_SEARCH_PATHS = (
					"$(inherited)",
					"$(PROJECT_DIR)/target/libs/Release-iphoneos/com.onegini.mobile.sdk.ios/OneginiSDKiOS",
					"$(PROJECT_DIR)/target/libs/Release-iphonesimulator/com.onegini.mobile.sdk.ios/OneginiSDKiOS",
					"$(PROJECT_DIR)/target/xcode-deps/libs/Release/com.onegini.mobile.sdk.ios/OneginiSDKiOS",
					"$(PROJECT_DIR)",
				);
				OTHER_LDFLAGS = "-ObjC";
				PRODUCT_BUNDLE_IDENTIFIER = com.onegini.OneginiDemoApp;
				PRODUCT_NAME = "$(TARGET_NAME)";
			};
			name = Release;
		};
/* End XCBuildConfiguration section */

/* Begin XCConfigurationList section */
		C572A2D21CD893C400B137DC /* Build configuration list for PBXProject "OneginiDemoApp" */ = {
			isa = XCConfigurationList;
			buildConfigurations = (
				C572A2EC1CD893C400B137DC /* Debug */,
				C572A2ED1CD893C400B137DC /* Release */,
			);
			defaultConfigurationIsVisible = 0;
			defaultConfigurationName = Release;
		};
		C572A2EE1CD893C400B137DC /* Build configuration list for PBXNativeTarget "OneginiDemoApp" */ = {
			isa = XCConfigurationList;
			buildConfigurations = (
				C572A2EF1CD893C400B137DC /* Debug */,
				C572A2F01CD893C400B137DC /* Release */,
			);
			defaultConfigurationIsVisible = 0;
			defaultConfigurationName = Release;
		};
/* End XCConfigurationList section */
	};
	rootObject = C572A2CF1CD893C400B137DC /* Project object */;
}
