PODS:
  - MBProgressHUD (1.0.0)
  - OneginiSDKiOS (6.0.0)
  - ZFDragableModalTransition (0.6)

DEPENDENCIES:
  - MBProgressHUD (~> 1.0.0)
  - OneginiSDKiOS (~> 6.0.0)
  - ZFDragableModalTransition (~> 0.6)

SPEC CHECKSUMS:
  MBProgressHUD: 4890f671c94e8a0f3cf959aa731e9de2f036d71a
  OneginiSDKiOS: f501895a278edc3e90c855326c5eaa139becf6be
  ZFDragableModalTransition: 0d294eaaba6edfcb9839595de765f9ca06a4b524

PODFILE CHECKSUM: aeafac95c66e7cc644bd81b168050af60a33705b

COCOAPODS: 1.1.1
